5557dc5d3dbf3bb3e64f7aad4cfe535a6bffe4c2c13b81d527ef25dd6c438652 https://dl-cdn.alpinelinux.org/alpine/v3.23/main/aarch64/bash-5.3.3-r1.apk
6093c42b60968e4853fca9302a8595b63b6ec82c9df242145753e56e83fb484e https://dl-cdn.alpinelinux.org/alpine/v3.23/main/aarch64/bind-libs-9.20.29-r0.apk
85f1d3b870fac3e6c7fd8e992cb9191ce38a28121cec0562616183afa6a485de https://dl-cdn.alpinelinux.org/alpine/v3.23/main/aarch64/bind-tools-9.20.29-r0.apk
8fe163aa9736136f9d78de191cb336e20bed741871511c5e83da1429d6a7e53a https://dl-cdn.alpinelinux.org/alpine/v3.23/main/aarch64/binutils-2.45.1-r0.apk
c8a9113b0007d40291e55cfc196744b64004253707e37b3c07e188166fb2d0a0 https://dl-cdn.alpinelinux.org/alpine/v3.23/main/aarch64/brotli-libs-1.2.0-r0.apk
d3c919f1f142e41ba83c7dbcc392388f23f840dda6867719e660ebb9cc681254 https://dl-cdn.alpinelinux.org/alpine/v3.23/main/aarch64/busybox-1.37.0-r30.apk
311c832f7b05a545b8d18dbddff23b1d6d0c6085970735398064f91ed55cd575 https://dl-cdn.alpinelinux.org/alpine/v3.23/main/aarch64/busybox-binsh-1.37.0-r30.apk
7468b8355eb7a54c2829ed3e72b61f49b2968c1dd0281e16ddf939fcf1c9e91b https://dl-cdn.alpinelinux.org/alpine/v3.23/main/aarch64/c-ares-1.34.8-r0.apk
ad418de0031d2de47650002084ab494e0c8f28c386e8744173311b410e56fcf5 https://dl-cdn.alpinelinux.org/alpine/v3.23/main/aarch64/ca-certificates-bundle-20260909-r0.apk
27674b4f5a4a9b51db6673bf7e75e247b51c711294a4fff638fe9a67ae21ed48 https://dl-cdn.alpinelinux.org/alpine/v3.23/main/aarch64/curl-8.22.0-r0.apk
402020333f476b60d5f21861d143fc381dbe032b75aa51efc8fb906e6f73db13 https://dl-cdn.alpinelinux.org/alpine/v3.23/main/aarch64/file-5.46-r2.apk
74ae7a3759a933ba41cda83c79ce0334b9ec436d0d627e5ace11a30650ccea50 https://dl-cdn.alpinelinux.org/alpine/v3.23/main/aarch64/fstrm-0.6.1-r4.apk
d8981e56b4c16722424ef642313bb710e42cc7181f204e14856a1f21887adf17 https://dl-cdn.alpinelinux.org/alpine/v3.23/main/aarch64/gdbm-1.26-r0.apk
23aa1819e5e9acd6393de443c1a46643fec285ef89087b0cd9c50e04dd172fc0 https://dl-cdn.alpinelinux.org/alpine/v3.23/main/aarch64/iptables-1.8.11-r1.apk
3f2782a46b59b8ecfb8a15750026be0097b414c9e788074020a6c698e3b74b90 https://dl-cdn.alpinelinux.org/alpine/v3.23/main/aarch64/jansson-2.14.1-r0.apk
8392ce4b0563f3f833334bfc58c1a3b9204978fb79fb65879d0e53dcb90d54c6 https://dl-cdn.alpinelinux.org/alpine/v3.23/main/aarch64/json-c-0.18-r1.apk
cb4df517bfd3af64c1fb55368e83f1131f02388c9e0e22b9ba95622cc09689f7 https://dl-cdn.alpinelinux.org/alpine/v3.23/main/aarch64/keyutils-libs-1.6.3-r4.apk
074d78e48a2726046d8ff54131a91daa6425d8ad9a414e9681150edb37e9263f https://dl-cdn.alpinelinux.org/alpine/v3.23/main/aarch64/krb5-conf-1.0-r2.apk
218436ac9d289018de4587f344eff3ce2bf0d483c028e7cf216c9d591dc2c068 https://dl-cdn.alpinelinux.org/alpine/v3.23/main/aarch64/krb5-libs-1.22.1-r0.apk
ccd478f4d5346a25911d4ee977690e2695e0ca3acf3e6b1a8c1300b2f4311e2f https://dl-cdn.alpinelinux.org/alpine/v3.23/main/aarch64/libbz2-1.0.8-r6.apk
642f855af1482605d3cde33f746dce2b40a386be9bd93b92fba8bcf73941ad83 https://dl-cdn.alpinelinux.org/alpine/v3.23/main/aarch64/libcap-getcap-2.78-r0.apk
1e902f44e0902984aaef8b2fc4ab5ffc21891abaaf8a7e0f8a81e45b5c61c820 https://dl-cdn.alpinelinux.org/alpine/v3.23/main/aarch64/libcap-setcap-2.78-r0.apk
bcea638639c51bff6aab4dd7e7d81af2d027f5a6422cabed68baebd81e70821d https://dl-cdn.alpinelinux.org/alpine/v3.23/main/aarch64/libcap-utils-2.78-r0.apk
b92145d3ceaf2ba81106241e2939eafc7aacb9c32590e4b1be37171fd2f61112 https://dl-cdn.alpinelinux.org/alpine/v3.23/main/aarch64/libcap2-2.78-r0.apk
d47a976ac1c3480b420b2ab48d3cf8585b0283bd7f1fdd0be544c61fbda05713 https://dl-cdn.alpinelinux.org/alpine/v3.23/main/aarch64/libcom_err-1.47.3-r0.apk
3b0bd7aaac36d49216f47d025f303dafb6da8d05bd258f71900d3b6156d36012 https://dl-cdn.alpinelinux.org/alpine/v3.23/main/aarch64/libcrypto3-3.5.9-r0.apk
ef6b8fa24dcfeac950582c3f5702212c56cc40db5d09286d7dc3bdca1490151a https://dl-cdn.alpinelinux.org/alpine/v3.23/main/aarch64/libcurl-8.22.0-r0.apk
18e5a4f1715dd9fee420d250d14be9e59936352929085939f33da01c3fbde28d https://dl-cdn.alpinelinux.org/alpine/v3.23/main/aarch64/libexpat-2.8.5-r0.apk
ebf430b246a6b1167350431e2af59a09f4edbc42dc3e03f3b9d74800ba5f9e7f https://dl-cdn.alpinelinux.org/alpine/v3.23/main/aarch64/libffi-3.5.2-r0.apk
eaaafda78fde1c904e1741680ddea91649f051e29a343152c8a4327605704b0f https://dl-cdn.alpinelinux.org/alpine/v3.23/main/aarch64/libgcc-15.2.0-r2.apk
71db3591a2cb251aae463b966f9731c9ecae3bff4dccea552e0033002b92fd75 https://dl-cdn.alpinelinux.org/alpine/v3.23/main/aarch64/libidn2-2.3.8-r0.apk
598546610bbf40dece5136f2fb6c65e4b6f4bd4556abbce5c3a92c1c2e688813 https://dl-cdn.alpinelinux.org/alpine/v3.23/main/aarch64/libmagic-5.46-r2.apk
e4d193a3cb4a44defd722292edde361e941b891ed93fcea94bbcf13b0972c5bb https://dl-cdn.alpinelinux.org/alpine/v3.23/main/aarch64/libmnl-1.0.5-r2.apk
7fe332c8af8b97579e89df56466f83f4abda5040a18e1842c07d684320bbef4b https://dl-cdn.alpinelinux.org/alpine/v3.23/main/aarch64/libncursesw-6.5_p20251123-r0.apk
4d993ea759533e96474ff351ebdd5c831dce6032b0f6a4e4787f72080b47faa6 https://dl-cdn.alpinelinux.org/alpine/v3.23/main/aarch64/libnftnl-1.3.0-r0.apk
d2d6c6eaf1ef0894ae777adb36e063c9fe1f08eba8d318163073557d901cdcd3 https://dl-cdn.alpinelinux.org/alpine/v3.23/main/aarch64/libpanelw-6.5_p20251123-r0.apk
2451894849014414c03ca4ea74d153d180705c3e92488dc2699bf4642788bca9 https://dl-cdn.alpinelinux.org/alpine/v3.23/main/aarch64/libpcap-1.10.7-r0.apk
3078398181f0955da453826965a9e184494e4d9dfd22391e28d72f7561a0ca2b https://dl-cdn.alpinelinux.org/alpine/v3.23/main/aarch64/libpsl-0.21.5-r3.apk
8e1cbdef99fd2e8f0f46f1c604e94705d128e665dfc62410dcbfa3a466cff4fc https://dl-cdn.alpinelinux.org/alpine/v3.23/main/aarch64/libssh2-1.11.1-r3.apk
cdb3762116994f767cd1da423fa8004bd36b2e3802e3a1343786a40f00a5030e https://dl-cdn.alpinelinux.org/alpine/v3.23/main/aarch64/libssl3-3.5.9-r0.apk
10d72e25f6fcc0f3d9fdd801c9bdaed81d6e836aa2b65b63f25d2d97f860a7d1 https://dl-cdn.alpinelinux.org/alpine/v3.23/main/aarch64/libstdc++-15.2.0-r2.apk
03f26b1c897ad74af51b475d5f6cebad50efe90e4d42a0c38ffcb37859077481 https://dl-cdn.alpinelinux.org/alpine/v3.23/main/aarch64/libunistring-1.4.1-r0.apk
2fb8be9f07405b5a2e449da5a1a80c86abc3c198b17613114dd8d7f054de8a69 https://dl-cdn.alpinelinux.org/alpine/v3.23/main/aarch64/libuv-1.52.1-r0.apk
166cc9e55532759695a73c3974162b0b78314e6df6cc41fa27f7ae706fa24c5b https://dl-cdn.alpinelinux.org/alpine/v3.23/main/aarch64/libverto-0.3.2-r2.apk
91d3e730edbd5214c501696725e7af9a93e12a9dd6a296e719dca2f3de0697d5 https://dl-cdn.alpinelinux.org/alpine/v3.23/main/aarch64/libxml2-2.13.9-r1.apk
3521023467bac07f7ed9feab95ac8ada63fc9c20b03bbcb63f4ea631fa43d900 https://dl-cdn.alpinelinux.org/alpine/v3.23/main/aarch64/libxtables-1.8.11-r1.apk
50358e281e0cbfe5c2abc41a20ead752b822a79302f0f58cec8c98aa38648c43 https://dl-cdn.alpinelinux.org/alpine/v3.23/main/aarch64/lua5.4-libs-5.4.8-r0.apk
65f85194314576a50e0d3755ed42726c0ce37c846d2f22f558ea81a5ceb8278f https://dl-cdn.alpinelinux.org/alpine/v3.23/main/aarch64/mpdecimal-4.0.1-r0.apk
6a3edd924ead1fad88a69e28c5775809af3026b322f58428001cd02fedc5299e https://dl-cdn.alpinelinux.org/alpine/v3.23/main/aarch64/musl-1.2.5-r23.apk
6952a6b39abaf7bbc498cb085f0f59bf23619b53b3f7328b08fe50c0198a2bd4 https://dl-cdn.alpinelinux.org/alpine/v3.23/main/aarch64/ncurses-terminfo-base-6.5_p20251123-r0.apk
2e17aa1d7d4a37b2d029210d239b8b2e4ac40748d9a8c8912a6b607011034fd1 https://dl-cdn.alpinelinux.org/alpine/v3.23/main/aarch64/nghttp2-libs-1.69.0-r0.apk
ca793d3831c9954d308b59c276ef05bc098efd94efbef5c425b312f2eaaf5341 https://dl-cdn.alpinelinux.org/alpine/v3.23/main/aarch64/nmap-7.97-r0.apk
b7e30bda67ab5eeadf45ebb1e745f3ca685a84b89477ae8b487bc7c5275fd27e https://dl-cdn.alpinelinux.org/alpine/v3.23/main/aarch64/openssl-3.5.9-r0.apk
8cf40a2d7c415628a8a75abf8139c4c96abfeba7aaf69bda8b2af47726cc15c7 https://dl-cdn.alpinelinux.org/alpine/v3.23/main/aarch64/protobuf-c-1.5.2-r2.apk
864c2b1abddcea1df94db00b5977ed37ff34ca63e399db63fe19d83acf7c6ca0 https://dl-cdn.alpinelinux.org/alpine/v3.23/main/aarch64/pyc-3.12.15-r0.apk
dabc892646c32cc6619afadd30256d1845b1ef34a3f5bebff84895813b55b95b https://dl-cdn.alpinelinux.org/alpine/v3.23/main/aarch64/python3-3.12.15-r0.apk
15382195d229840ee74e6e64f04ee65b93c24bc1817b1a3203ffed0ae02433ac https://dl-cdn.alpinelinux.org/alpine/v3.23/main/aarch64/python3-pyc-3.12.15-r0.apk
c7fd197ffd37a95172e6fdcee188b146b76bd5b15b71ed8222ac8347cdfdd632 https://dl-cdn.alpinelinux.org/alpine/v3.23/main/aarch64/python3-pycache-pyc0-3.12.15-r0.apk
70d288a6c3d8daf19b10fb220120d2ebd6f154011c96ca5bc84923b658cb21f7 https://dl-cdn.alpinelinux.org/alpine/v3.23/main/aarch64/readline-8.3.1-r0.apk
badbc86e4586a716f98a1da9087a694a276a002e3c9f73d4a8efd14f3a9881e2 https://dl-cdn.alpinelinux.org/alpine/v3.23/main/aarch64/sqlite-libs-3.53.4-r0.apk
990d82a6c4e3af70be12cc0ee09aa9ddfd30ac0ec71edad04b3fa158fd9ebe46 https://dl-cdn.alpinelinux.org/alpine/v3.23/main/aarch64/ssl_client-1.37.0-r30.apk
cd4e4306ab35ff97dac6da95156d5f65d0dff13ee20f7abe01e94f777be34487 https://dl-cdn.alpinelinux.org/alpine/v3.23/main/aarch64/userspace-rcu-0.15.3-r0.apk
55cec0880e1d06049147cd295a7c8a2909a668fc58a00c187741f3a16c25c55d https://dl-cdn.alpinelinux.org/alpine/v3.23/main/aarch64/xz-libs-5.8.4-r0.apk
ecda4cc94fd18f90182f1d3a615889df5e0db9cf78926d11627dd23e06d2e6e8 https://dl-cdn.alpinelinux.org/alpine/v3.23/main/aarch64/zlib-1.3.2-r0.apk
50a998e56e4bf31504996e49c1b4a23eed5e0cd4e24b8a1356a54daf1a6eabbe https://dl-cdn.alpinelinux.org/alpine/v3.23/main/aarch64/zstd-libs-1.5.7-r2.apk
