6b056aaabe34eac2f86e4f4e86a47e6580b8e521e56e39c9ff0e69e44906c9ca https://dl-cdn.alpinelinux.org/alpine/v3.23/main/aarch64/acl-libs-2.3.2-r1.apk
32deb963585723166c731d388a5dc182837d62237d85564aad68ac8d2ce70481 https://dl-cdn.alpinelinux.org/alpine/v3.23/community/aarch64/aws-c-auth-0.9.3-r0.apk
f082516f20f977917497ffa20c781d22eb7d122cfd3dea6b1d99a87eb13f2809 https://dl-cdn.alpinelinux.org/alpine/v3.23/community/aarch64/aws-c-cal-0.9.13-r0.apk
c574ebd76163cb4d1144ae6a6f1850e702576e9f3a2957d823162e6b72840f3d https://dl-cdn.alpinelinux.org/alpine/v3.23/community/aarch64/aws-c-common-0.12.6-r0.apk
7be7628d7e22597ed5a55c09944dd1fe0c40083b1d11438a0d6cae54db201ec3 https://dl-cdn.alpinelinux.org/alpine/v3.23/community/aarch64/aws-c-compression-0.3.1-r1.apk
0d445e767a5653fb35b681a11f833ea9c4a8935f19b37970758a66a45f522e08 https://dl-cdn.alpinelinux.org/alpine/v3.23/community/aarch64/aws-c-event-stream-0.5.7-r1.apk
d6d408d44f0c6454b21fb4c78f18d18c39b9ba6882d445ac2da47bb09256f600 https://dl-cdn.alpinelinux.org/alpine/v3.23/community/aarch64/aws-c-http-0.10.7-r0.apk
f11b6ee53e01f112952f12605966bdb19e87146178939f2566d0a2f65f004ab0 https://dl-cdn.alpinelinux.org/alpine/v3.23/community/aarch64/aws-c-io-0.23.3-r0.apk
2947459b709f72b7779651ec365ef02e5db72f858dcedfe7793ea23233c9f7ca https://dl-cdn.alpinelinux.org/alpine/v3.23/community/aarch64/aws-c-mqtt-0.13.3-r1.apk
b36145b840d129b50f140baf67a08dfbf05e7525fef561308df2512909fda068 https://dl-cdn.alpinelinux.org/alpine/v3.23/community/aarch64/aws-c-s3-0.11.2-r0.apk
a498389352be6da32d1ec0c538825a259946e4ba592dcd98a09b1d9f4f12d09f https://dl-cdn.alpinelinux.org/alpine/v3.23/community/aarch64/aws-c-sdkutils-0.2.4-r1.apk
2dc9df6bce877655b80f6312855b7edcccd08dbf5a85941b7cc9d7c5a5e2e0b8 https://dl-cdn.alpinelinux.org/alpine/v3.23/community/aarch64/aws-checksums-0.2.7-r1.apk
84152ce8e93ae3a138caa2c6f2539452c1d8ff5a73f111df9c5362cbfda02ff7 https://dl-cdn.alpinelinux.org/alpine/v3.23/community/aarch64/aws-cli-2.32.7-r0.apk
11cb88ce2a4bbf94285eb07d215cda97783d5665e7b2f7061040c56cedc08f69 https://dl-cdn.alpinelinux.org/alpine/v3.23/community/aarch64/aws-cli-pyc-2.32.7-r0.apk
5557dc5d3dbf3bb3e64f7aad4cfe535a6bffe4c2c13b81d527ef25dd6c438652 https://dl-cdn.alpinelinux.org/alpine/v3.23/main/aarch64/bash-5.3.3-r1.apk
6093c42b60968e4853fca9302a8595b63b6ec82c9df242145753e56e83fb484e https://dl-cdn.alpinelinux.org/alpine/v3.23/main/aarch64/bind-libs-9.20.29-r0.apk
85f1d3b870fac3e6c7fd8e992cb9191ce38a28121cec0562616183afa6a485de https://dl-cdn.alpinelinux.org/alpine/v3.23/main/aarch64/bind-tools-9.20.29-r0.apk
8fe163aa9736136f9d78de191cb336e20bed741871511c5e83da1429d6a7e53a https://dl-cdn.alpinelinux.org/alpine/v3.23/main/aarch64/binutils-2.45.1-r0.apk
c8a9113b0007d40291e55cfc196744b64004253707e37b3c07e188166fb2d0a0 https://dl-cdn.alpinelinux.org/alpine/v3.23/main/aarch64/brotli-libs-1.2.0-r0.apk
d3c919f1f142e41ba83c7dbcc392388f23f840dda6867719e660ebb9cc681254 https://dl-cdn.alpinelinux.org/alpine/v3.23/main/aarch64/busybox-1.37.0-r30.apk
311c832f7b05a545b8d18dbddff23b1d6d0c6085970735398064f91ed55cd575 https://dl-cdn.alpinelinux.org/alpine/v3.23/main/aarch64/busybox-binsh-1.37.0-r30.apk
7468b8355eb7a54c2829ed3e72b61f49b2968c1dd0281e16ddf939fcf1c9e91b https://dl-cdn.alpinelinux.org/alpine/v3.23/main/aarch64/c-ares-1.34.8-r0.apk
ad418de0031d2de47650002084ab494e0c8f28c386e8744173311b410e56fcf5 https://dl-cdn.alpinelinux.org/alpine/v3.23/main/aarch64/ca-certificates-bundle-20260909-r0.apk
27674b4f5a4a9b51db6673bf7e75e247b51c711294a4fff638fe9a67ae21ed48 https://dl-cdn.alpinelinux.org/alpine/v3.23/main/aarch64/curl-8.22.0-r0.apk
dd7bf614ada871f82311a0360cdc7e17a5370376b6d6d74d1f16b6b04ca4de40 https://dl-cdn.alpinelinux.org/alpine/v3.23/main/aarch64/device-mapper-libs-2.03.35-r0.apk
ae92909526785fc72515e248d2ab37ff1df08c4d1442ac4ccc40a71604e218f0 https://dl-cdn.alpinelinux.org/alpine/v3.23/main/aarch64/e2fsprogs-libs-1.47.3-r0.apk
4d87b0e1d9576ea6a40e4ec24f7c7d0df48e4117642f04854909cdae35ef5bf4 https://dl-cdn.alpinelinux.org/alpine/v3.23/community/aarch64/ffuf-2.1.0-r22.apk
402020333f476b60d5f21861d143fc381dbe032b75aa51efc8fb906e6f73db13 https://dl-cdn.alpinelinux.org/alpine/v3.23/main/aarch64/file-5.46-r2.apk
74ae7a3759a933ba41cda83c79ce0334b9ec436d0d627e5ace11a30650ccea50 https://dl-cdn.alpinelinux.org/alpine/v3.23/main/aarch64/fstrm-0.6.1-r4.apk
bd5b81144fae5788bee0ed5ed11b4abfbf752b661c065f332283b0a3fb0cce5e https://dl-cdn.alpinelinux.org/alpine/v3.23/main/aarch64/gdb-16.3-r2.apk
d8981e56b4c16722424ef642313bb710e42cc7181f204e14856a1f21887adf17 https://dl-cdn.alpinelinux.org/alpine/v3.23/main/aarch64/gdbm-1.26-r0.apk
dc1b69ae15ad58a9f933b750fd4463defc32f7467f1ce9b57d80f893a6635377 https://dl-cdn.alpinelinux.org/alpine/v3.23/main/aarch64/gmp-6.3.0-r4.apk
fe6373105d41819118717a1512a791685f3b429193b043430b8875c935b54fb6 https://dl-cdn.alpinelinux.org/alpine/v3.23/main/aarch64/gnutls-3.8.13-r0.apk
1a072bb4a9a036a7fc239a94f9e691df059cecfbd92f2058bf4f261cc6636e00 https://dl-cdn.alpinelinux.org/alpine/v3.23/main/aarch64/icu-data-en-76.1-r1.apk
652915ddcaa46370bc5e0cade07b80497feddd85a4ac5631d9d0f82e1227e897 https://dl-cdn.alpinelinux.org/alpine/v3.23/main/aarch64/icu-libs-76.1-r1.apk
23aa1819e5e9acd6393de443c1a46643fec285ef89087b0cd9c50e04dd172fc0 https://dl-cdn.alpinelinux.org/alpine/v3.23/main/aarch64/iptables-1.8.11-r1.apk
3f2782a46b59b8ecfb8a15750026be0097b414c9e788074020a6c698e3b74b90 https://dl-cdn.alpinelinux.org/alpine/v3.23/main/aarch64/jansson-2.14.1-r0.apk
f8095ee3d1e48c090e12aa423c1eee8639de1fd50710e4d7f27deae391a1b2c7 https://dl-cdn.alpinelinux.org/alpine/v3.23/community/aarch64/john-1.9.0-r7.apk
09ef43b27c0fdda6f863b680713c78964a12e61be18beaaea7eba14d1dc07941 https://dl-cdn.alpinelinux.org/alpine/v3.23/main/aarch64/jq-1.8.2-r0.apk
8392ce4b0563f3f833334bfc58c1a3b9204978fb79fb65879d0e53dcb90d54c6 https://dl-cdn.alpinelinux.org/alpine/v3.23/main/aarch64/json-c-0.18-r1.apk
cb4df517bfd3af64c1fb55368e83f1131f02388c9e0e22b9ba95622cc09689f7 https://dl-cdn.alpinelinux.org/alpine/v3.23/main/aarch64/keyutils-libs-1.6.3-r4.apk
974ac5c788e5c8bdccec9e6ae86c078f0d19f586e7de693947bde236b0987df4 https://dl-cdn.alpinelinux.org/alpine/v3.23/main/aarch64/krb5-1.22.1-r0.apk
074d78e48a2726046d8ff54131a91daa6425d8ad9a414e9681150edb37e9263f https://dl-cdn.alpinelinux.org/alpine/v3.23/main/aarch64/krb5-conf-1.0-r2.apk
218436ac9d289018de4587f344eff3ce2bf0d483c028e7cf216c9d591dc2c068 https://dl-cdn.alpinelinux.org/alpine/v3.23/main/aarch64/krb5-libs-1.22.1-r0.apk
e0bd3fc869e888eebadede7c626bf24156cc46ce7088c52076d606ca59b23888 https://dl-cdn.alpinelinux.org/alpine/v3.23/community/aarch64/kubectl-1.34.2-r6.apk
08eb8e704ce6adf2bb31c2c4cac7e98b101c20e3179ee4736e4eec195060b33e https://dl-cdn.alpinelinux.org/alpine/v3.23/main/aarch64/ldb-4.22.10-r0.apk
beb6d533773de84981dd8535a91dd33fbb39f53cd819ecbcbdfe7b453d5e2b5a https://dl-cdn.alpinelinux.org/alpine/v3.23/main/aarch64/libarchive-3.8.5-r0.apk
a413cb16d9256ed9caf31aa4f680b594c987501401affb301f6099f601916ed2 https://dl-cdn.alpinelinux.org/alpine/v3.23/main/aarch64/libauth-samba-4.22.10-r0.apk
0372923ddcaa28ec8f97992d2a03338ab6dde89686727c6ee54c210725e84724 https://dl-cdn.alpinelinux.org/alpine/v3.23/main/aarch64/libblkid-2.41.6-r1.apk
ccd478f4d5346a25911d4ee977690e2695e0ca3acf3e6b1a8c1300b2f4311e2f https://dl-cdn.alpinelinux.org/alpine/v3.23/main/aarch64/libbz2-1.0.8-r6.apk
642f855af1482605d3cde33f746dce2b40a386be9bd93b92fba8bcf73941ad83 https://dl-cdn.alpinelinux.org/alpine/v3.23/main/aarch64/libcap-getcap-2.78-r0.apk
1e902f44e0902984aaef8b2fc4ab5ffc21891abaaf8a7e0f8a81e45b5c61c820 https://dl-cdn.alpinelinux.org/alpine/v3.23/main/aarch64/libcap-setcap-2.78-r0.apk
bcea638639c51bff6aab4dd7e7d81af2d027f5a6422cabed68baebd81e70821d https://dl-cdn.alpinelinux.org/alpine/v3.23/main/aarch64/libcap-utils-2.78-r0.apk
b92145d3ceaf2ba81106241e2939eafc7aacb9c32590e4b1be37171fd2f61112 https://dl-cdn.alpinelinux.org/alpine/v3.23/main/aarch64/libcap2-2.78-r0.apk
d47a976ac1c3480b420b2ab48d3cf8585b0283bd7f1fdd0be544c61fbda05713 https://dl-cdn.alpinelinux.org/alpine/v3.23/main/aarch64/libcom_err-1.47.3-r0.apk
3b0bd7aaac36d49216f47d025f303dafb6da8d05bd258f71900d3b6156d36012 https://dl-cdn.alpinelinux.org/alpine/v3.23/main/aarch64/libcrypto3-3.5.9-r0.apk
ef6b8fa24dcfeac950582c3f5702212c56cc40db5d09286d7dc3bdca1490151a https://dl-cdn.alpinelinux.org/alpine/v3.23/main/aarch64/libcurl-8.22.0-r0.apk
d450d85a7ee3b9940639c0f6ea2f8b7feea821bbc3828256ec784437082aefde https://dl-cdn.alpinelinux.org/alpine/v3.23/main/aarch64/libeconf-0.8.3-r0.apk
7881a1e7b24fb36f66450493744b3809ad734c3c78b7a43a8c9e694e850a2f9e https://dl-cdn.alpinelinux.org/alpine/v3.23/main/aarch64/libedit-20251016.3.1-r0.apk
6d18d4ded14a3307d67b1a83495e1e457300d738a6d77fac372f019ecb9b457d https://dl-cdn.alpinelinux.org/alpine/v3.23/main/aarch64/libevent-2.1.13-r0.apk
18e5a4f1715dd9fee420d250d14be9e59936352929085939f33da01c3fbde28d https://dl-cdn.alpinelinux.org/alpine/v3.23/main/aarch64/libexpat-2.8.5-r0.apk
ebf430b246a6b1167350431e2af59a09f4edbc42dc3e03f3b9d74800ba5f9e7f https://dl-cdn.alpinelinux.org/alpine/v3.23/main/aarch64/libffi-3.5.2-r0.apk
58520412b08ab2d4478fa6db3a3b241246665557e0f66ed94b9d8ac1a376f634 https://dl-cdn.alpinelinux.org/alpine/v3.23/main/aarch64/libformw-6.5_p20251123-r0.apk
eaaafda78fde1c904e1741680ddea91649f051e29a343152c8a4327605704b0f https://dl-cdn.alpinelinux.org/alpine/v3.23/main/aarch64/libgcc-15.2.0-r2.apk
d2989f9476a67085442d916c1e55ebe213e269f3221225b3285585f3e47a33af https://dl-cdn.alpinelinux.org/alpine/v3.23/main/aarch64/libgomp-15.2.0-r2.apk
71db3591a2cb251aae463b966f9731c9ecae3bff4dccea552e0033002b92fd75 https://dl-cdn.alpinelinux.org/alpine/v3.23/main/aarch64/libidn2-2.3.8-r0.apk
c2808f6bf8129b11c727b356f99a476afc6e1cf8053ea5a1d7cbf368bf5e50b4 https://dl-cdn.alpinelinux.org/alpine/v3.23/main/aarch64/libldap-2.6.13-r0.apk
598546610bbf40dece5136f2fb6c65e4b6f4bd4556abbce5c3a92c1c2e688813 https://dl-cdn.alpinelinux.org/alpine/v3.23/main/aarch64/libmagic-5.46-r2.apk
e4d193a3cb4a44defd722292edde361e941b891ed93fcea94bbcf13b0972c5bb https://dl-cdn.alpinelinux.org/alpine/v3.23/main/aarch64/libmnl-1.0.5-r2.apk
81aa5a35ec63c681f2b4d585f66d8fc5f9c531711f2c3daadb9d7a8c58d086c8 https://dl-cdn.alpinelinux.org/alpine/v3.23/main/aarch64/libmount-2.41.6-r1.apk
7fe332c8af8b97579e89df56466f83f4abda5040a18e1842c07d684320bbef4b https://dl-cdn.alpinelinux.org/alpine/v3.23/main/aarch64/libncursesw-6.5_p20251123-r0.apk
2693fab1c598d17c6855dd31d0d089ea709e2a419259a70767e387c27e08fb68 https://dl-cdn.alpinelinux.org/alpine/v3.23/main/aarch64/libnfsidmap-2.6.4-r6.apk
4d993ea759533e96474ff351ebdd5c831dce6032b0f6a4e4787f72080b47faa6 https://dl-cdn.alpinelinux.org/alpine/v3.23/main/aarch64/libnftnl-1.3.0-r0.apk
d2d6c6eaf1ef0894ae777adb36e063c9fe1f08eba8d318163073557d901cdcd3 https://dl-cdn.alpinelinux.org/alpine/v3.23/main/aarch64/libpanelw-6.5_p20251123-r0.apk
2451894849014414c03ca4ea74d153d180705c3e92488dc2699bf4642788bca9 https://dl-cdn.alpinelinux.org/alpine/v3.23/main/aarch64/libpcap-1.10.7-r0.apk
3078398181f0955da453826965a9e184494e4d9dfd22391e28d72f7561a0ca2b https://dl-cdn.alpinelinux.org/alpine/v3.23/main/aarch64/libpsl-0.21.5-r3.apk
459beb4929b2c05487ce4d832bb2f54b90af0ff5cd4d50947a5bff3ed9cbf3a3 https://dl-cdn.alpinelinux.org/alpine/v3.23/main/aarch64/libsasl-2.1.28-r9.apk
ea89eb72b09f2f52a688bbfb2d8d2397e298d529999baaa0cac33d831617c26a https://dl-cdn.alpinelinux.org/alpine/v3.23/main/aarch64/libsmbclient-4.22.10-r0.apk
8e1cbdef99fd2e8f0f46f1c604e94705d128e665dfc62410dcbfa3a466cff4fc https://dl-cdn.alpinelinux.org/alpine/v3.23/main/aarch64/libssh2-1.11.1-r3.apk
cdb3762116994f767cd1da423fa8004bd36b2e3802e3a1343786a40f00a5030e https://dl-cdn.alpinelinux.org/alpine/v3.23/main/aarch64/libssl3-3.5.9-r0.apk
10d72e25f6fcc0f3d9fdd801c9bdaed81d6e836aa2b65b63f25d2d97f860a7d1 https://dl-cdn.alpinelinux.org/alpine/v3.23/main/aarch64/libstdc++-15.2.0-r2.apk
4e02dea62d983fdcd0d11d3f1f88bd953e55a53fce9fff3e42deab53c2045758 https://dl-cdn.alpinelinux.org/alpine/v3.23/main/aarch64/libtasn1-4.21.0-r0.apk
7aa6dc3837cd1ee7783d433e1d4cad038657d27721bf49ae363c561a26df1e79 https://dl-cdn.alpinelinux.org/alpine/v3.23/main/aarch64/libtirpc-1.3.5-r1.apk
9cb5a235db95a2350f32a9a2e5c665772a03f3476a67a21f5405834ae9d24058 https://dl-cdn.alpinelinux.org/alpine/v3.23/main/aarch64/libtirpc-conf-1.3.5-r1.apk
03f26b1c897ad74af51b475d5f6cebad50efe90e4d42a0c38ffcb37859077481 https://dl-cdn.alpinelinux.org/alpine/v3.23/main/aarch64/libunistring-1.4.1-r0.apk
4dd5ed2791104a0043c4f27e433200117a36421a9bcd65906ce4b5c79284e478 https://dl-cdn.alpinelinux.org/alpine/v3.23/main/aarch64/libuuid-2.41.6-r1.apk
2fb8be9f07405b5a2e449da5a1a80c86abc3c198b17613114dd8d7f054de8a69 https://dl-cdn.alpinelinux.org/alpine/v3.23/main/aarch64/libuv-1.52.1-r0.apk
166cc9e55532759695a73c3974162b0b78314e6df6cc41fa27f7ae706fa24c5b https://dl-cdn.alpinelinux.org/alpine/v3.23/main/aarch64/libverto-0.3.2-r2.apk
0955199ff204834246986014323880c8af3e2a480b1ec0f3437fbc622ddd8157 https://dl-cdn.alpinelinux.org/alpine/v3.23/main/aarch64/libwbclient-4.22.10-r0.apk
91d3e730edbd5214c501696725e7af9a93e12a9dd6a296e719dca2f3de0697d5 https://dl-cdn.alpinelinux.org/alpine/v3.23/main/aarch64/libxml2-2.13.9-r1.apk
3521023467bac07f7ed9feab95ac8ada63fc9c20b03bbcb63f4ea631fa43d900 https://dl-cdn.alpinelinux.org/alpine/v3.23/main/aarch64/libxtables-1.8.11-r1.apk
32b4f544194b37fc70687e7b2d800be5b0a67a90a00de08112c244ffebbe60cc https://dl-cdn.alpinelinux.org/alpine/v3.23/main/aarch64/linux-pam-1.7.1-r2.apk
f5ac3d3bf12029dba0e49e547a67ea97d57f5e56388d424d572f4726cce2e8ec https://dl-cdn.alpinelinux.org/alpine/v3.23/main/aarch64/lmdb-0.9.33-r0.apk
50358e281e0cbfe5c2abc41a20ead752b822a79302f0f58cec8c98aa38648c43 https://dl-cdn.alpinelinux.org/alpine/v3.23/main/aarch64/lua5.4-libs-5.4.8-r0.apk
5e03989d703634faa3222ec1e2a634393fd28a1114cf6d14eaf64a6d4b0354bd https://dl-cdn.alpinelinux.org/alpine/v3.23/main/aarch64/lz4-libs-1.10.0-r0.apk
2514a17e73276031eaeed2d36cc31a59fdf21b6ce75cda655ba3798518f91548 https://dl-cdn.alpinelinux.org/alpine/v3.23/community/aarch64/masscan-1.3.2-r2.apk
65f85194314576a50e0d3755ed42726c0ce37c846d2f22f558ea81a5ceb8278f https://dl-cdn.alpinelinux.org/alpine/v3.23/main/aarch64/mpdecimal-4.0.1-r0.apk
da8b196bad532b4a82ea62f0b1609fc4bbdadb8ac9fed7c7792a84be8084a04f https://dl-cdn.alpinelinux.org/alpine/v3.23/main/aarch64/mpfr4-4.2.2-r0.apk
6a3edd924ead1fad88a69e28c5775809af3026b322f58428001cd02fedc5299e https://dl-cdn.alpinelinux.org/alpine/v3.23/main/aarch64/musl-1.2.5-r23.apk
fc0989f297a79546555437a351a5a873c461f192677ca7041b33cc7830f8e9a2 https://dl-cdn.alpinelinux.org/alpine/v3.23/main/aarch64/musl-dbg-1.2.5-r23.apk
acca07bc78f0b87f2cad04c4904c4c0eec3ae4bc0a87fdac1306333deea225f6 https://dl-cdn.alpinelinux.org/alpine/v3.23/community/aarch64/nbtscan-1.7.2-r0.apk
6952a6b39abaf7bbc498cb085f0f59bf23619b53b3f7328b08fe50c0198a2bd4 https://dl-cdn.alpinelinux.org/alpine/v3.23/main/aarch64/ncurses-terminfo-base-6.5_p20251123-r0.apk
323d03683d1cb617836a8378f020c3e033339a57a50b40d6e0c8dfc2c8f629f4 https://dl-cdn.alpinelinux.org/alpine/v3.23/main/aarch64/net-snmp-agent-libs-5.9.5.2-r0.apk
1ecbdc9e14342ba8a8fb46b20e11e442a81ed95d6ca779d4e014e181b12c15ce https://dl-cdn.alpinelinux.org/alpine/v3.23/main/aarch64/net-snmp-libs-5.9.5.2-r0.apk
a6743cb54bb12dcc2f7ed0bb7d0f1068909604be1bdb292bbadc9d9f02b679d7 https://dl-cdn.alpinelinux.org/alpine/v3.23/main/aarch64/net-snmp-tools-5.9.5.2-r0.apk
12fc69994c1c4ee09df0ee436dab00094b2c436fcf2be434f9626c92ae136cab https://dl-cdn.alpinelinux.org/alpine/v3.23/main/aarch64/nettle-3.10.2-r0.apk
4179ab2574e16eed1b84b6a027b16c7d291af9c8ac58b3542a9fcdc54844e4d7 https://dl-cdn.alpinelinux.org/alpine/v3.23/main/aarch64/nfs-utils-2.6.4-r6.apk
2e17aa1d7d4a37b2d029210d239b8b2e4ac40748d9a8c8912a6b607011034fd1 https://dl-cdn.alpinelinux.org/alpine/v3.23/main/aarch64/nghttp2-libs-1.69.0-r0.apk
ca793d3831c9954d308b59c276ef05bc098efd94efbef5c425b312f2eaaf5341 https://dl-cdn.alpinelinux.org/alpine/v3.23/main/aarch64/nmap-7.97-r0.apk
37615f357794a9ae3489ee99e239abd641b016184b7d0ac09a18ca483c16139c https://dl-cdn.alpinelinux.org/alpine/v3.23/main/aarch64/nmap-ncat-7.97-r0.apk
11fc2cded0cd6323a115332d905316d0a56938dbb826635f821e8d9c85065437 https://dl-cdn.alpinelinux.org/alpine/v3.23/main/aarch64/nspr-4.36-r0.apk
85ee72033a871a5226030f4dfbb2b7985ab83f03101f3cebc4887035aaf7a100 https://dl-cdn.alpinelinux.org/alpine/v3.23/main/aarch64/nss-3.123.1-r0.apk
7d3a4db63c59aaa2dc6d2d9ac197085c5a5ae224cc2f2c3775aadfc751de623b https://dl-cdn.alpinelinux.org/alpine/v3.23/main/aarch64/oniguruma-6.9.10-r0.apk
63d9b1011a182814d180668d1e83882242aa1ca0f98058a3ccb4d8a9607b7df7 https://dl-cdn.alpinelinux.org/alpine/v3.23/community/aarch64/opencl-2025.07.23-r0.apk
ead551111e60e44331b485e67c90e1a77c80e2ab659d7b8bd20677c2318527d0 https://dl-cdn.alpinelinux.org/alpine/v3.23/main/aarch64/openldap-clients-2.6.13-r0.apk
6cdaff1e0ef45f60f3ee9cbecc8c24fa57bb9f3442f2548272fb3273d3bb2f5c https://dl-cdn.alpinelinux.org/alpine/v3.23/main/aarch64/openssh-client-common-10.2_p1-r0.apk
c221efc67cae60fc325ebce7cea2de68dbcc159478e668aa5c7074c13ae6d520 https://dl-cdn.alpinelinux.org/alpine/v3.23/main/aarch64/openssh-client-default-10.2_p1-r0.apk
bed00eeec4f8aa00328cd023ff4a6df4e60cac0b65253328532d74b96097d5dc https://dl-cdn.alpinelinux.org/alpine/v3.23/main/aarch64/openssh-keygen-10.2_p1-r0.apk
b7e30bda67ab5eeadf45ebb1e745f3ca685a84b89477ae8b487bc7c5275fd27e https://dl-cdn.alpinelinux.org/alpine/v3.23/main/aarch64/openssl-3.5.9-r0.apk
741bb41164a8a5aa2924f40c8be58c3092a822fa76d80e9afb45d056be88a5c7 https://dl-cdn.alpinelinux.org/alpine/v3.23/main/aarch64/p11-kit-0.26.2-r0.apk
858fae68445547f092e361925cedb344b7a0fd27eec1f652e5ba29a72f796942 https://dl-cdn.alpinelinux.org/alpine/v3.23/main/aarch64/popt-1.19-r4.apk
8cf40a2d7c415628a8a75abf8139c4c96abfeba7aaf69bda8b2af47726cc15c7 https://dl-cdn.alpinelinux.org/alpine/v3.23/main/aarch64/protobuf-c-1.5.2-r2.apk
86238065663364829c74c58c6d79bbb716f5e0047a44288ed9f59d299b69a5c4 https://dl-cdn.alpinelinux.org/alpine/v3.23/community/aarch64/py3-asgiref-3.9.1-r0.apk
5ba1001851b7367a44e08921e0be6fcd78dcb9c95e48e06d20b22084dd476925 https://dl-cdn.alpinelinux.org/alpine/v3.23/community/aarch64/py3-asgiref-pyc-3.9.1-r0.apk
2be56f964cadc187f7432d8fc2ab43263e1e32a84b61b9b827af96657466e9b4 https://dl-cdn.alpinelinux.org/alpine/v3.23/community/aarch64/py3-asn1-0.6.1-r0.apk
d83b94ca038dcb9e2f86439ada95802440ae1f76d493e2f6f7fc257f2421c0a3 https://dl-cdn.alpinelinux.org/alpine/v3.23/community/aarch64/py3-asn1-pyc-0.6.1-r0.apk
4efb799f30f07620008db5dcbc6b608177846a2b01617c0070ca1d19f8cf5ba4 https://dl-cdn.alpinelinux.org/alpine/v3.23/community/aarch64/py3-awscrt-0.29.1-r0.apk
5e6fc0a4bd7157558f26b3591e00017dc366aa3ea3940986446d8596f6aaf19e https://dl-cdn.alpinelinux.org/alpine/v3.23/community/aarch64/py3-awscrt-pyc-0.29.1-r0.apk
64c4c19d5f922ffa03d08051526ba23f85acb2a7bc0a168128937d0370462f98 https://dl-cdn.alpinelinux.org/alpine/v3.23/community/aarch64/py3-blinker-1.9.0-r0.apk
46489fccd0eab6d144fb475040e91a601d0363108e132da20ffd14e3b8b8f078 https://dl-cdn.alpinelinux.org/alpine/v3.23/community/aarch64/py3-blinker-pyc-1.9.0-r0.apk
eaa8a29c9df1b6efbd39a9c18c25fa6de9fbe3b9172ab0d8a72eaedd7a0886c3 https://dl-cdn.alpinelinux.org/alpine/v3.23/main/aarch64/py3-certifi-2025.11.12-r0.apk
2601ba611ff92cc801c91315b5b22b8f8c3471ecc3b9669690dbe85d8fd90828 https://dl-cdn.alpinelinux.org/alpine/v3.23/main/aarch64/py3-certifi-pyc-2025.11.12-r0.apk
c08ee98914e49e8624476fafb84d045b4f701a81ec16897c6271f5d6b60a3d8a https://dl-cdn.alpinelinux.org/alpine/v3.23/main/aarch64/py3-cffi-1.17.1-r1.apk
8879a86d54a4a1b9989b454f40f23c560cce0f415c061ffe40bd4c4bebff5865 https://dl-cdn.alpinelinux.org/alpine/v3.23/main/aarch64/py3-cffi-pyc-1.17.1-r1.apk
9df6576300a7d435856868e8c5f3f596c4d7b98a04775d4f956a2079fe8eefe9 https://dl-cdn.alpinelinux.org/alpine/v3.23/main/aarch64/py3-chardet-5.2.0-r1.apk
aeddf7630aa3ce85d41fbe9264e79a8c09eb403f6907ebb5660898f2215776ea https://dl-cdn.alpinelinux.org/alpine/v3.23/main/aarch64/py3-chardet-pyc-5.2.0-r1.apk
b839761b35c0d5e33c279e9235f4371b38f57c5ebe9804f8487a62236c127431 https://dl-cdn.alpinelinux.org/alpine/v3.23/community/aarch64/py3-click-8.1.8-r1.apk
407980dd20f41bcd9628b74987adeafd055e09e3f58b1cee6fd5ae539341446b https://dl-cdn.alpinelinux.org/alpine/v3.23/community/aarch64/py3-click-pyc-8.1.8-r1.apk
391570a6d8a8ab98a481edaa660dc254e98a6a33f74b1232576a26a537138509 https://dl-cdn.alpinelinux.org/alpine/v3.23/community/aarch64/py3-colorama-0.4.6-r6.apk
499923c15e9fa73fd1b61c8a3a9ae601bac4ddf96f186bec9339b9b6184f53b1 https://dl-cdn.alpinelinux.org/alpine/v3.23/community/aarch64/py3-colorama-pyc-0.4.6-r6.apk
17ef4d76fea481c22a92f3a0b579f03a0706155866912d35183c66394693f921 https://dl-cdn.alpinelinux.org/alpine/v3.23/main/aarch64/py3-cparser-2.22-r1.apk
bcfbac2b1a0a9e0215e3c06792acabf03f97048bcd53f174c8d9c92dabf9f02c https://dl-cdn.alpinelinux.org/alpine/v3.23/main/aarch64/py3-cparser-pyc-2.22-r1.apk
062c266f04e43db566dbac93fc808b968a0268b6672686c3a9e58682f97e0092 https://dl-cdn.alpinelinux.org/alpine/v3.23/main/aarch64/py3-cryptography-46.0.7-r0.apk
4551ecde3abe349bb547808154abbb85b23469dc47708ea6468bcfc0ff5189b2 https://dl-cdn.alpinelinux.org/alpine/v3.23/main/aarch64/py3-cryptography-pyc-46.0.7-r0.apk
a680c25b650665e1a276008b5843051bb3891c4cfdfc0f5679e0842fd335a584 https://dl-cdn.alpinelinux.org/alpine/v3.23/main/aarch64/py3-dateutil-2.9.0-r2.apk
14ac4ba108fbd04c544a5550531d390ab18d02835d898b08d9a8474609ffb5a4 https://dl-cdn.alpinelinux.org/alpine/v3.23/main/aarch64/py3-dateutil-pyc-2.9.0-r2.apk
55dde7ffebb74f3bd62548832c0a25cd396a07906ebc0d5bc57d65de7c1d2b70 https://dl-cdn.alpinelinux.org/alpine/v3.23/community/aarch64/py3-distro-1.9.0-r2.apk
fd614263a6ed25ef6be2a2bc1b9398ed0845cce99f2afcfc8558bf3a15ded76e https://dl-cdn.alpinelinux.org/alpine/v3.23/community/aarch64/py3-distro-pyc-1.9.0-r2.apk
dd6bf6037781d52c2345b181ce1b1088a0f5530584d69e04b8ac6eb7c36cc15e https://dl-cdn.alpinelinux.org/alpine/v3.23/main/aarch64/py3-docutils-0.21.2-r1.apk
6dfca28616cfa550dcd47edc0a07e8c97aa57341b4fe0994105f3b6a9bf141af https://dl-cdn.alpinelinux.org/alpine/v3.23/main/aarch64/py3-docutils-pyc-0.21.2-r1.apk
c9e92934f8ee24a274eaeb281c45c978fbccc41077f2eec4c7f150c4461d6e18 https://dl-cdn.alpinelinux.org/alpine/v3.23/community/aarch64/py3-dotenv-1.0.1-r1.apk
6f1a40aafbaad82470b5770b5cb11ba07a25f7c49647bf3ec1b4ea6e05983d32 https://dl-cdn.alpinelinux.org/alpine/v3.23/community/aarch64/py3-dotenv-pyc-1.0.1-r1.apk
4f87d8c145284e133f9663e35cf233a7374baa165de6b9ea9d8bd030a614d78e https://dl-cdn.alpinelinux.org/alpine/v3.23/community/aarch64/py3-flask-3.1.3-r0.apk
df806af3584ba0f52e11b4d91dfacc4f31ebd75ab09e9c2a5bb1fdf93cbea2a7 https://dl-cdn.alpinelinux.org/alpine/v3.23/community/aarch64/py3-flask-pyc-3.1.3-r0.apk
615027f4fd7a5926596d480ef5bbaecc1f8ee4c00d89ff8b3a98c9a9b06cda52 https://dl-cdn.alpinelinux.org/alpine/v3.23/main/aarch64/py3-future-1.0.0-r1.apk
671320d02d1a064e808f2578702e45d1c7635ca9de9eda3c441e025fe51f24e2 https://dl-cdn.alpinelinux.org/alpine/v3.23/main/aarch64/py3-future-pyc-1.0.0-r1.apk
b3cf0f25a53767117f0af9a6a2e02d1d9b643c6b5dd03e0b371a1cb6b7f6d6dc https://dl-cdn.alpinelinux.org/alpine/v3.23/community/aarch64/py3-impacket-0.13.0-r0.apk
50156109236a6e7e6a3e03d481592eeeebd3053c34a69b82d05996205e63c501 https://dl-cdn.alpinelinux.org/alpine/v3.23/community/aarch64/py3-impacket-pyc-0.13.0-r0.apk
008daef983c4e9005464dd72c71d8021d3e55200b7285fe2cf79e11a5229ce7b https://dl-cdn.alpinelinux.org/alpine/v3.23/community/aarch64/py3-itsdangerous-2.2.0-r0.apk
4a5d5043f49b7e1df90ca639fd35a90b67d272574f12654e29547fb7d132038e https://dl-cdn.alpinelinux.org/alpine/v3.23/community/aarch64/py3-itsdangerous-pyc-2.2.0-r0.apk
750dce3a8e814e068fb8c15fc856c0ecd0686d7ff70e037cb1a9fe45fb0e829f https://dl-cdn.alpinelinux.org/alpine/v3.23/main/aarch64/py3-jinja2-3.1.6-r0.apk
589fc716c620b918380521529fcf8b00e6c72b4fc5ffa3c19adfb83fe0f7a236 https://dl-cdn.alpinelinux.org/alpine/v3.23/main/aarch64/py3-jinja2-pyc-3.1.6-r0.apk
dcb9d1cbbbd76851a0d65cdc73bd9be3359443436ecc005abd9056e4f58da75e https://dl-cdn.alpinelinux.org/alpine/v3.23/community/aarch64/py3-jmespath-1.0.1-r4.apk
9b0ec977afd3843471d36b0dc3dc11334afc9f33334301d93e2a67fa0d3ffc3b https://dl-cdn.alpinelinux.org/alpine/v3.23/community/aarch64/py3-jmespath-pyc-1.0.1-r4.apk
a90e66eea35784217f66787573c2a5e1ce116d64306cd9614774aa05498082f0 https://dl-cdn.alpinelinux.org/alpine/v3.23/community/aarch64/py3-ldap3-2.9.1-r3.apk
73afcef094c15cd5b7793777d3ed5973da04edefd3139f75be287dd1421b4657 https://dl-cdn.alpinelinux.org/alpine/v3.23/community/aarch64/py3-ldap3-pyc-2.9.1-r3.apk
e95cee83c5ebd615ff7305858e07a6f37590cb6d9f2f1d0d9e2686fd54b2569c https://dl-cdn.alpinelinux.org/alpine/v3.23/main/aarch64/py3-markupsafe-3.0.2-r0.apk
2b51c971b5983fd93d68299c91e7f68bf5bfc79435ae44c087611cf8d554b433 https://dl-cdn.alpinelinux.org/alpine/v3.23/main/aarch64/py3-markupsafe-pyc-3.0.2-r0.apk
2aa76000f18d4d27310deff9b91cc22e66348373d28ffb45c9f25a76e458a7e4 https://dl-cdn.alpinelinux.org/alpine/v3.23/community/aarch64/py3-openssl-26.1.0-r0.apk
80c72219d14a3a0a187d52d02c2267144cc1e1a322bc4c76f44ee5612f7a7146 https://dl-cdn.alpinelinux.org/alpine/v3.23/community/aarch64/py3-openssl-pyc-26.1.0-r0.apk
5a4bdac15a0f03d41899df48a25ab9eda600532b69c2fcf0e73eea6b329de9c1 https://dl-cdn.alpinelinux.org/alpine/v3.23/community/aarch64/py3-prompt_toolkit-3.0.51-r0.apk
6ebde28344b25929248d19a60a8c3af6ab32420ea12874ae900f08470d64d5fa https://dl-cdn.alpinelinux.org/alpine/v3.23/community/aarch64/py3-prompt_toolkit-pyc-3.0.51-r0.apk
41fc32075edbbcb9cbf6484bf4148da38978c2c0aba99cd6d064a9983e5a234b https://dl-cdn.alpinelinux.org/alpine/v3.23/community/aarch64/py3-pycryptodomex-3.23.0-r0.apk
9db56f4e3d304b88d089767e3a585e284305b6cbf67d2055725a76f616f964c8 https://dl-cdn.alpinelinux.org/alpine/v3.23/community/aarch64/py3-ruamel.yaml-0.18.16-r0.apk
ba0bd061a0dd754122956c075ccdc2e3aec001595aac374c37e633704ed7fa63 https://dl-cdn.alpinelinux.org/alpine/v3.23/community/aarch64/py3-ruamel.yaml-pyc-0.18.16-r0.apk
f3aabc1ab878aaab1b80773a5ddd76d7f62a66e9828fc1f183f34718c57a2e96 https://dl-cdn.alpinelinux.org/alpine/v3.23/community/aarch64/py3-ruamel.yaml.clib-0.2.8-r2.apk
8cdf8b302ddfef8a54493316fae70922a6f38a2cab0c18d0478e682458f32622 https://dl-cdn.alpinelinux.org/alpine/v3.23/main/aarch64/py3-six-1.17.0-r0.apk
20e5d28ffe96075d5b352fdeffab41e68d974dfbf34f761be90c12785054d47c https://dl-cdn.alpinelinux.org/alpine/v3.23/main/aarch64/py3-six-pyc-1.17.0-r0.apk
470e86010abfcd9ca32caf150e7908b16fa20498adb13fd92bfc23fc718e952c https://dl-cdn.alpinelinux.org/alpine/v3.23/main/aarch64/py3-typing-extensions-4.15.0-r0.apk
de849a36df5458a20b2404c79976382995700ea05bb23f427428bb5b8693ec31 https://dl-cdn.alpinelinux.org/alpine/v3.23/main/aarch64/py3-typing-extensions-pyc-4.15.0-r0.apk
fc772dd0d9d560526c3bd7a67f469eb450e0aca1a21a0025ddd492bc2df0ad3f https://dl-cdn.alpinelinux.org/alpine/v3.23/main/aarch64/py3-urllib3-2.6.3-r0.apk
a7de064e088f3e4b13029c0afede41e03d14a78584351b723fd58004edd3e137 https://dl-cdn.alpinelinux.org/alpine/v3.23/main/aarch64/py3-urllib3-pyc-2.6.3-r0.apk
debb55542573c7db5e0f3162cffda6c1f616f0df1f086fa7bda65dc82be7f6df https://dl-cdn.alpinelinux.org/alpine/v3.23/main/aarch64/py3-wcwidth-0.2.13-r1.apk
591896f19dd7278e51865ee5c99a3bd31fc0365adab67a9c427da1cdc42c56e3 https://dl-cdn.alpinelinux.org/alpine/v3.23/main/aarch64/py3-wcwidth-pyc-0.2.13-r1.apk
9a6318647617894b422f66d30cdbe6911f3cc1e0e1b180fed3b543dbaca12b52 https://dl-cdn.alpinelinux.org/alpine/v3.23/main/aarch64/py3-werkzeug-3.1.3-r0.apk
22b345426bb68cc0cfd0a580334e9bc5247629c0f7a3497167a44f70537c3d62 https://dl-cdn.alpinelinux.org/alpine/v3.23/main/aarch64/py3-werkzeug-pyc-3.1.3-r0.apk
8c24e130659bd2055c7c6ae5c26ec324001fd9be35b279ef3633684d1d75cb12 https://dl-cdn.alpinelinux.org/alpine/v3.23/community/aarch64/py3-zipp-3.23.0-r0.apk
69957c59cae35da8afe28622c720f5c412b896e17af9a054b0860e6643f29ecc https://dl-cdn.alpinelinux.org/alpine/v3.23/community/aarch64/py3-zipp-pyc-3.23.0-r0.apk
864c2b1abddcea1df94db00b5977ed37ff34ca63e399db63fe19d83acf7c6ca0 https://dl-cdn.alpinelinux.org/alpine/v3.23/main/aarch64/pyc-3.12.15-r0.apk
dabc892646c32cc6619afadd30256d1845b1ef34a3f5bebff84895813b55b95b https://dl-cdn.alpinelinux.org/alpine/v3.23/main/aarch64/python3-3.12.15-r0.apk
15382195d229840ee74e6e64f04ee65b93c24bc1817b1a3203ffed0ae02433ac https://dl-cdn.alpinelinux.org/alpine/v3.23/main/aarch64/python3-pyc-3.12.15-r0.apk
c7fd197ffd37a95172e6fdcee188b146b76bd5b15b71ed8222ac8347cdfdd632 https://dl-cdn.alpinelinux.org/alpine/v3.23/main/aarch64/python3-pycache-pyc0-3.12.15-r0.apk
70d288a6c3d8daf19b10fb220120d2ebd6f154011c96ca5bc84923b658cb21f7 https://dl-cdn.alpinelinux.org/alpine/v3.23/main/aarch64/readline-8.3.1-r0.apk
7214036565aaf77a7cd90545d616eadfa36f7f958e865a80df5e7609888635e7 https://dl-cdn.alpinelinux.org/alpine/v3.23/main/aarch64/rpcbind-1.2.8-r0.apk
854dfdeff98b122ca6400f10469de02478f4a9006fb69a220c30ebdfcfddaf8f https://dl-cdn.alpinelinux.org/alpine/v3.23/community/aarch64/s2n-tls-1.6.1-r0.apk
b4b97c159046eeb08d51bc89c334a9191c2a55eea5955cf979909d0f64f8d9e5 https://dl-cdn.alpinelinux.org/alpine/v3.23/main/aarch64/samba-client-4.22.10-r0.apk
e8f980c4a18b2793e26a0263224712e1c8ef071ba0370732c3b1666ffa35006c https://dl-cdn.alpinelinux.org/alpine/v3.23/main/aarch64/samba-client-libs-4.22.10-r0.apk
5387f05c05b01093054014f4edbf22ea42b1cc26c9243a98ead5bcf219199d13 https://dl-cdn.alpinelinux.org/alpine/v3.23/main/aarch64/samba-common-4.22.10-r0.apk
7da0a497ed76d27f787b55d01625599065e305fcbaea1570e94e8018d66729e0 https://dl-cdn.alpinelinux.org/alpine/v3.23/main/aarch64/samba-libs-4.22.10-r0.apk
02f1c5d42c4518cebc974b95ca231f8e9c1b2208bcc7c3ff6d6221dedf1be859 https://dl-cdn.alpinelinux.org/alpine/v3.23/main/aarch64/samba-util-libs-4.22.10-r0.apk
f1c33c73d842c98d99033833eaf681819b0f5b51310a6e286c2eb88b9a88ed97 https://dl-cdn.alpinelinux.org/alpine/v3.23/main/aarch64/skalibs-libs-2.14.4.0-r0.apk
e415cdf30d41bbf4053ab52eb71c55fb9f5c3b811cd53cf22182960888186cbf https://dl-cdn.alpinelinux.org/alpine/v3.23/main/aarch64/socat-1.8.1.3-r0.apk
badbc86e4586a716f98a1da9087a694a276a002e3c9f73d4a8efd14f3a9881e2 https://dl-cdn.alpinelinux.org/alpine/v3.23/main/aarch64/sqlite-libs-3.53.4-r0.apk
990d82a6c4e3af70be12cc0ee09aa9ddfd30ac0ec71edad04b3fa158fd9ebe46 https://dl-cdn.alpinelinux.org/alpine/v3.23/main/aarch64/ssl_client-1.37.0-r30.apk
76efc4d84a4ea1e40c3d8ad96fb7a7a7e544681f1ae45898bccdfd3e382e5718 https://dl-cdn.alpinelinux.org/alpine/v3.23/community/aarch64/sslscan-2.2.0-r0.apk
d0b26f50d0f3b7dd49ac2bc7b1b301a7b058384e41a079baaa736ccf2d685dc7 https://dl-cdn.alpinelinux.org/alpine/v3.23/main/aarch64/talloc-2.4.3-r0.apk
cd078660c053520e4dc1866276706d2f95c7862980e85fe833233429aaedf479 https://dl-cdn.alpinelinux.org/alpine/v3.23/main/aarch64/tcpdump-4.99.5-r1.apk
c57443a97c877af254bdc8edbeefe23b1d55ed41746690656cc6ac448c14cf9b https://dl-cdn.alpinelinux.org/alpine/v3.23/main/aarch64/tdb-libs-1.4.14-r0.apk
e491c9ceaf8748031090df684a43186ab5ffafd9ae6097562a9c76227781c4a6 https://dl-cdn.alpinelinux.org/alpine/v3.23/main/aarch64/tevent-0.17.1-r0.apk
cd4e4306ab35ff97dac6da95156d5f65d0dff13ee20f7abe01e94f777be34487 https://dl-cdn.alpinelinux.org/alpine/v3.23/main/aarch64/userspace-rcu-0.15.3-r0.apk
dbaa260e4328738d51b2ec77fdda9037cdbd67047465de5b2a30dce9a66f8fff https://dl-cdn.alpinelinux.org/alpine/v3.23/main/aarch64/utmps-libs-0.1.3.1-r0.apk
55cec0880e1d06049147cd295a7c8a2909a668fc58a00c187741f3a16c25c55d https://dl-cdn.alpinelinux.org/alpine/v3.23/main/aarch64/xz-libs-5.8.4-r0.apk
82d52fa82a46c73aae8b9f95d7f31a196137f3ce4a000980cdbbfc05c245e7bf https://dl-cdn.alpinelinux.org/alpine/v3.23/main/aarch64/zlib-1.3.2-r1.apk
50a998e56e4bf31504996e49c1b4a23eed5e0cd4e24b8a1356a54daf1a6eabbe https://dl-cdn.alpinelinux.org/alpine/v3.23/main/aarch64/zstd-libs-1.5.7-r2.apk
