05e45f947328d5cfcf7f18ecd9abc30dfe562c6b69909732375d063875c10a35 https://dl-cdn.alpinelinux.org/alpine/v3.23/main/x86_64/acl-libs-2.3.2-r1.apk
f24ca0d9d18a8e67a85cc4a940c1359949bacbbf8385c368cee70dbe103e0bb9 https://dl-cdn.alpinelinux.org/alpine/v3.23/community/x86_64/aws-c-auth-0.9.3-r0.apk
33cd70888b352cb54adb39424eee1645b3635860fdbf69f243bedbdb192c161c https://dl-cdn.alpinelinux.org/alpine/v3.23/community/x86_64/aws-c-cal-0.9.13-r0.apk
0281ac11b1e3671ac9bd92ec5240ac8a684c5ec6a828e6ee6f298408dd81aeed https://dl-cdn.alpinelinux.org/alpine/v3.23/community/x86_64/aws-c-common-0.12.6-r0.apk
198ebbe518e5023290449d897b7837884ec1e74feab48c20431249cfa0277dc6 https://dl-cdn.alpinelinux.org/alpine/v3.23/community/x86_64/aws-c-compression-0.3.1-r1.apk
6d8efdaca85740da136b8aebd652f49e86dc3c9fe9a19d14275498c37df273bb https://dl-cdn.alpinelinux.org/alpine/v3.23/community/x86_64/aws-c-event-stream-0.5.7-r1.apk
25c7d6219deda76c851290d9a0361a811988c840f41c9abf161fdb3c53059ced https://dl-cdn.alpinelinux.org/alpine/v3.23/community/x86_64/aws-c-http-0.10.7-r0.apk
707899f9a5da6bdd63064328b1b7590326ecbd1c6be334a63f0abb48bc27a02e https://dl-cdn.alpinelinux.org/alpine/v3.23/community/x86_64/aws-c-io-0.23.3-r0.apk
73ccdfef8380cf1c3d5a56edf338ac8bf030d451314a6e3ed1a400a823180983 https://dl-cdn.alpinelinux.org/alpine/v3.23/community/x86_64/aws-c-mqtt-0.13.3-r1.apk
f908d11b35d98f63ffb3b0ed1cc38d3686c784b99c9f228e8ac840851267ac30 https://dl-cdn.alpinelinux.org/alpine/v3.23/community/x86_64/aws-c-s3-0.11.2-r0.apk
acf2998257655f2ab7626e9f761379b8d355619d0e94da1b7b99624ac76f71a9 https://dl-cdn.alpinelinux.org/alpine/v3.23/community/x86_64/aws-c-sdkutils-0.2.4-r1.apk
7beab15b75e3f2c8a888c1ba02fb5e2ba140ef0fc709168464b5ad91f40b336a https://dl-cdn.alpinelinux.org/alpine/v3.23/community/x86_64/aws-checksums-0.2.7-r1.apk
c3f3160f3f169b326d6f8111ba19847b3a8622bdb0a56d353b0213bf07e14d4a https://dl-cdn.alpinelinux.org/alpine/v3.23/community/x86_64/aws-cli-2.32.7-r0.apk
e1b75aced8edc7f1238522114cff7a8c836a0338b8246d41bab5c1226f67600d https://dl-cdn.alpinelinux.org/alpine/v3.23/community/x86_64/aws-cli-pyc-2.32.7-r0.apk
c52a2b6997567830d573160c2c0cad665473320f08862133aaf4c1e96864fc48 https://dl-cdn.alpinelinux.org/alpine/v3.23/main/x86_64/bash-5.3.3-r1.apk
87d9603c796041567033d953b0d1b3c1ee3bf4f89d2fd6fbd39c93726f57ec29 https://dl-cdn.alpinelinux.org/alpine/v3.23/main/x86_64/bind-libs-9.20.29-r0.apk
08a6edad202743766d6badf7a55f647707e93552c892e5b40f6203195542f35a https://dl-cdn.alpinelinux.org/alpine/v3.23/main/x86_64/bind-tools-9.20.29-r0.apk
aa14316996719d126cd1c3edee159a7f477c788ed0c1e6228ddb4df9cdc391dc https://dl-cdn.alpinelinux.org/alpine/v3.23/main/x86_64/binutils-2.45.1-r0.apk
09fbf1ddf0c71c6c4ab7bc12aef3452d8ace5adeab10c4c30214fc70f5e0e087 https://dl-cdn.alpinelinux.org/alpine/v3.23/main/x86_64/brotli-libs-1.2.0-r0.apk
2fea8c73710994099eaec6832b69a0f70163e0d6ee13848af3a5270a16d15c5c https://dl-cdn.alpinelinux.org/alpine/v3.23/main/x86_64/busybox-1.37.0-r30.apk
94f10cf3bb79f033d5ac86675312229e28a8a858fa7bfb5268675951b99466e7 https://dl-cdn.alpinelinux.org/alpine/v3.23/main/x86_64/busybox-binsh-1.37.0-r30.apk
7a570d080d05e60b1256ea73586924bf9a25f468c57aae10d1cdfe7fcc3f93a2 https://dl-cdn.alpinelinux.org/alpine/v3.23/main/x86_64/c-ares-1.34.8-r0.apk
31cad7c94ffa88b271c95c91c49af158bd7f31ac85508508ce8b742250e0363c https://dl-cdn.alpinelinux.org/alpine/v3.23/main/x86_64/ca-certificates-bundle-20260909-r0.apk
78829ae535239009c2dd615d0d2f58ecc0abd07855e38c1eea389fc68993f5b1 https://dl-cdn.alpinelinux.org/alpine/v3.23/main/x86_64/curl-8.22.0-r0.apk
7f3afe40951e6431d0800763a5ef002bf3ad0b9d3b5f678da482878d139dc1b8 https://dl-cdn.alpinelinux.org/alpine/v3.23/main/x86_64/device-mapper-libs-2.03.35-r0.apk
f7b1578a16dc3c10e8602fda46757eef28b0ccc463a39199fb31f541d69cb0cc https://dl-cdn.alpinelinux.org/alpine/v3.23/main/x86_64/e2fsprogs-libs-1.47.3-r0.apk
38d87c6319116e814a421bf50681eeab32b2ed2173affb25d7c59d2baeb6fb14 https://dl-cdn.alpinelinux.org/alpine/v3.23/community/x86_64/ffuf-2.1.0-r22.apk
634b19688837316f83b440c0f3ba6f35c90c308cdb9163fb8acd7e8b41b154d1 https://dl-cdn.alpinelinux.org/alpine/v3.23/main/x86_64/file-5.46-r2.apk
370ff152d994fd5024619327f73a8249390e5143aa237b9af904759570047a35 https://dl-cdn.alpinelinux.org/alpine/v3.23/main/x86_64/fstrm-0.6.1-r4.apk
f016613521578dc5585e6d22cc8708971585682adfd33c9009bd46710b24d1dc https://dl-cdn.alpinelinux.org/alpine/v3.23/main/x86_64/gdb-16.3-r2.apk
1a99c3ca2fbd96030a93325d50d04390e353f12584999276bdd3abcc6ab997da https://dl-cdn.alpinelinux.org/alpine/v3.23/main/x86_64/gdbm-1.26-r0.apk
5aa4a73a11126f2bc757ef1fee1eddb70105bd38f2659ae93aae1fafa02a0359 https://dl-cdn.alpinelinux.org/alpine/v3.23/main/x86_64/gmp-6.3.0-r4.apk
dab71bdfb0b974ddd93ba29efbd759c8dc263638b49b6be7ed9a3749fffe59f8 https://dl-cdn.alpinelinux.org/alpine/v3.23/main/x86_64/gnutls-3.8.13-r0.apk
82d55e064ca2ff15e6ef6c3b7009eb2e869469f56f36c0d84411b265825a3251 https://dl-cdn.alpinelinux.org/alpine/v3.23/main/x86_64/icu-data-en-76.1-r1.apk
c6b53c168bb1af380fcbc305ff9e25c30e3cab756165fd7b8f77d4dac132aa4d https://dl-cdn.alpinelinux.org/alpine/v3.23/main/x86_64/icu-libs-76.1-r1.apk
f836e153ac87b34066d7c633ddda885820720baa6ffa3a05858a790a184d87ec https://dl-cdn.alpinelinux.org/alpine/v3.23/main/x86_64/iptables-1.8.11-r1.apk
6dc100ea8b420ed1adabe13553325620afd9fbcae9b62de5b63c9bae0b7c2e91 https://dl-cdn.alpinelinux.org/alpine/v3.23/main/x86_64/jansson-2.14.1-r0.apk
3435b46e516950fed45123d516b19eca50b14f441e28f31196c32abd99b05745 https://dl-cdn.alpinelinux.org/alpine/v3.23/community/x86_64/john-1.9.0-r7.apk
883276f981e9e90325105b9cca756c038ab93a318ec7843f995274bc80d9b58f https://dl-cdn.alpinelinux.org/alpine/v3.23/main/x86_64/jq-1.8.2-r0.apk
b82b644f1a77d9d2699a8e17eccf779184e8db9075dd09f59a060731306c9a81 https://dl-cdn.alpinelinux.org/alpine/v3.23/main/x86_64/json-c-0.18-r1.apk
98f8ea3082b81088b784cd3b143fc9509b9280a7bdae39b8333c77443873ec88 https://dl-cdn.alpinelinux.org/alpine/v3.23/main/x86_64/keyutils-libs-1.6.3-r4.apk
d0994e9c1379bc623720acd2ad04d5903bb67867078af3aca4d2071b967f9812 https://dl-cdn.alpinelinux.org/alpine/v3.23/main/x86_64/krb5-1.22.1-r0.apk
bd6fe65b55d2b6139b378e9120930672b3686e808a59f61e0db539ac0258be26 https://dl-cdn.alpinelinux.org/alpine/v3.23/main/x86_64/krb5-conf-1.0-r2.apk
ce010cbfc266d607f48066c48f32c70771bb2d567da62d117737abf0adc41493 https://dl-cdn.alpinelinux.org/alpine/v3.23/main/x86_64/krb5-libs-1.22.1-r0.apk
334b70a507604aa76109ea9bce2412fe06302186be0f068910d4a3a77b9ba4b0 https://dl-cdn.alpinelinux.org/alpine/v3.23/community/x86_64/kubectl-1.34.2-r6.apk
e4ab11b14f29323a109d604e9571524a9fd190c156c1bb8a593756212b1ac1f3 https://dl-cdn.alpinelinux.org/alpine/v3.23/main/x86_64/ldb-4.22.10-r0.apk
7f036360a8c43ae0c23309aca6e1e301575f069836ac193fec520a46fab3fa49 https://dl-cdn.alpinelinux.org/alpine/v3.23/main/x86_64/libarchive-3.8.5-r0.apk
fd410b07b166362d0e9bb2ec317b786e99d38b274469a969c533a1c634e861a7 https://dl-cdn.alpinelinux.org/alpine/v3.23/main/x86_64/libauth-samba-4.22.10-r0.apk
e8c829016f4b82f34500b05023060d5f1eb8f06e5affadb0a4427cc26dbb58df https://dl-cdn.alpinelinux.org/alpine/v3.23/main/x86_64/libblkid-2.41.6-r1.apk
9995840a76ac97ec006259391b7a81b73b73c5cf2f462bf12bb2250afbf665b9 https://dl-cdn.alpinelinux.org/alpine/v3.23/main/x86_64/libbz2-1.0.8-r6.apk
01986efd62ae92d5fa60b7c017082224d33571c64c76a4ef537542eb1cc3723c https://dl-cdn.alpinelinux.org/alpine/v3.23/main/x86_64/libcap-getcap-2.78-r0.apk
178ca0cfa7e9d3ff574128ed2b87435937d57c1f0a6df08c65f9f6798317a582 https://dl-cdn.alpinelinux.org/alpine/v3.23/main/x86_64/libcap-setcap-2.78-r0.apk
32a5c60e2d0881b85edd4d6e0f0a10426ddba330d07658f64ac321b3814e7c7c https://dl-cdn.alpinelinux.org/alpine/v3.23/main/x86_64/libcap-utils-2.78-r0.apk
d81631e1a710f3851246516e37aeeaa875b3c921a130c1210e3643a7e24e3b2d https://dl-cdn.alpinelinux.org/alpine/v3.23/main/x86_64/libcap2-2.78-r0.apk
74f16d0f39b2568062ea46d0d05dbac696d8d50c007f320448d4d6e9831cb316 https://dl-cdn.alpinelinux.org/alpine/v3.23/main/x86_64/libcom_err-1.47.3-r0.apk
9c82c86f051f3372445ecdbae5068ccc39dbc423ba8f779eaa84549fef1cfc77 https://dl-cdn.alpinelinux.org/alpine/v3.23/main/x86_64/libcrypto3-3.5.9-r0.apk
f4070c2bce6aeb660a96f767f5a0eb6876d6c8421b51334d24678e0039720507 https://dl-cdn.alpinelinux.org/alpine/v3.23/main/x86_64/libcurl-8.22.0-r0.apk
9a6c216b9c2bf4077bfc1ffe6986e3e69df301594b23764ed55f8003b89d2784 https://dl-cdn.alpinelinux.org/alpine/v3.23/main/x86_64/libeconf-0.8.3-r0.apk
10739fb9f854c5406d660b803da72bba8e5d924811838043d9b3f69def71aa7c https://dl-cdn.alpinelinux.org/alpine/v3.23/main/x86_64/libevent-2.1.13-r0.apk
5216046085b92da88a6b107dbbb558f69d49c347a6335291fcf199ebd1670a8f https://dl-cdn.alpinelinux.org/alpine/v3.23/main/x86_64/libexpat-2.8.5-r0.apk
0b3473a1468bed5fbb913a1ffa121e253080b21b013fe47e0300bd7e85224e76 https://dl-cdn.alpinelinux.org/alpine/v3.23/main/x86_64/libffi-3.5.2-r0.apk
a12d7781d731f0198e6eb48988322cf51002649f1a0e855e85571d7dd1b9a0c4 https://dl-cdn.alpinelinux.org/alpine/v3.23/main/x86_64/libformw-6.5_p20251123-r0.apk
4279d14cbf43311312d3a7d43619f4c15ede2e46d5608ba421ed157ded57c700 https://dl-cdn.alpinelinux.org/alpine/v3.23/main/x86_64/libgcc-15.2.0-r2.apk
7eda0581da0d10365e9ebd62f9b4e3a973cd2b791d6a174d2f7a1150c2753d64 https://dl-cdn.alpinelinux.org/alpine/v3.23/main/x86_64/libgomp-15.2.0-r2.apk
526275e11e449b99e5264e0ba32625fa12a78c426de61378f8b5cc0af5fc7014 https://dl-cdn.alpinelinux.org/alpine/v3.23/main/x86_64/libidn2-2.3.8-r0.apk
fbada5b9a78fc54b7b82c353cdbf897d67e45eb706239517616d75120663075d https://dl-cdn.alpinelinux.org/alpine/v3.23/main/x86_64/libldap-2.6.13-r0.apk
b23d3cffbba8b1d0c1aeb36d4b44bd549f69bd0ef4fd37422c7dc165954902e0 https://dl-cdn.alpinelinux.org/alpine/v3.23/main/x86_64/libmagic-5.46-r2.apk
48474dde0d30a3c2e6de3f1e17b4b2eeb3f165f4655c2a4db394cdc500e90d44 https://dl-cdn.alpinelinux.org/alpine/v3.23/main/x86_64/libmnl-1.0.5-r2.apk
0f498b874fd1ce3a0a54c39829a4f33081358a7e6fed4c3710ebbcc4da0a5d62 https://dl-cdn.alpinelinux.org/alpine/v3.23/main/x86_64/libmount-2.41.6-r1.apk
233f20a6d64d87afbc4b03ad3e7508f5d56af747508c395ba7a6c5f1033b15f0 https://dl-cdn.alpinelinux.org/alpine/v3.23/main/x86_64/libncursesw-6.5_p20251123-r0.apk
1f4167abfc9b53c60ddc52b5d68c7ee09c794a63521d1ce24970f5e15af41516 https://dl-cdn.alpinelinux.org/alpine/v3.23/main/x86_64/libnfsidmap-2.6.4-r6.apk
42ae75adfaa6eb770375af159a06aad9e3ff656c48429eab360cda9988027f78 https://dl-cdn.alpinelinux.org/alpine/v3.23/main/x86_64/libnftnl-1.3.0-r0.apk
43b7346857c51ef2426fc4953177d4fa0ef4703d412215744fcd4bc96e6facfd https://dl-cdn.alpinelinux.org/alpine/v3.23/main/x86_64/libpanelw-6.5_p20251123-r0.apk
1d17fa66cb4e34c0f55ac97d1c42a793f931f79dd5a2f57187ef59caa14d5fb1 https://dl-cdn.alpinelinux.org/alpine/v3.23/main/x86_64/libpcap-1.10.7-r0.apk
86ada309d460ea8768b340cbf83c7234a1564f8fea9c370fb19f028a2a165891 https://dl-cdn.alpinelinux.org/alpine/v3.23/main/x86_64/libpsl-0.21.5-r3.apk
5e24e660e819b49cffd176980da76410bf8f94349b9e942e482dd2b7b9c9312f https://dl-cdn.alpinelinux.org/alpine/v3.23/main/x86_64/libsasl-2.1.28-r9.apk
afc201d0f3e4a14cd5fc7fe82867e57db72617fcbcde5cb8701d355e08506ebd https://dl-cdn.alpinelinux.org/alpine/v3.23/main/x86_64/libsmbclient-4.22.10-r0.apk
0cdeaa42504a8e6e9cbb4bb69799def04456819fbc02d2dfe53b2e2dfcf9c2ae https://dl-cdn.alpinelinux.org/alpine/v3.23/main/x86_64/libssh2-1.11.1-r3.apk
b5ad11f5955b3b7ddfd8c32e8c1fdd79878d208bb4dfa9bbd8f35ddc59187242 https://dl-cdn.alpinelinux.org/alpine/v3.23/main/x86_64/libssl3-3.5.9-r0.apk
d4be2967a06d78b499f5e136323f4ebe51ad367b381933b3369539499c4f5752 https://dl-cdn.alpinelinux.org/alpine/v3.23/main/x86_64/libstdc++-15.2.0-r2.apk
701cfbeed52e513c22bb4533273b5d736410b945a3f7f1b2afc41b30162205cf https://dl-cdn.alpinelinux.org/alpine/v3.23/main/x86_64/libtasn1-4.21.0-r0.apk
1751a77a941ff7f7700fbab28e15e31af877a13d04f855baa253c38373f8deb8 https://dl-cdn.alpinelinux.org/alpine/v3.23/main/x86_64/libtirpc-1.3.5-r1.apk
db96a3b6bc234d3a6e0671730bd4c892f7132935e5eb3d89f8305918f2b9774e https://dl-cdn.alpinelinux.org/alpine/v3.23/main/x86_64/libtirpc-conf-1.3.5-r1.apk
eca5eb66c8ac64cca7160fb766b15e885f75d18c15d0919d0adee987a53b9473 https://dl-cdn.alpinelinux.org/alpine/v3.23/main/x86_64/libunistring-1.4.1-r0.apk
e428f43397e863243f17aa85c5b1c3a99adfcb9277d2300b1df7759502db4b6c https://dl-cdn.alpinelinux.org/alpine/v3.23/main/x86_64/libuuid-2.41.6-r1.apk
7b6e033cb708c9323135ac444bb66ea6ff3fa0bd90fe4dc8d47b6d971d0ff1d2 https://dl-cdn.alpinelinux.org/alpine/v3.23/main/x86_64/libuv-1.52.1-r0.apk
b577b4ed32d7f8cfd1d218c655e71253e07e51f0a1e24afaf7907e4bbab1cd7c https://dl-cdn.alpinelinux.org/alpine/v3.23/main/x86_64/libverto-0.3.2-r2.apk
911f344bbc215f5335eee8776b1df3787bc01112756b6d045fbc3748ee25ddc9 https://dl-cdn.alpinelinux.org/alpine/v3.23/main/x86_64/libwbclient-4.22.10-r0.apk
1af363248efb54914993bbd516c89878c2b5b0c53be0c78bb43d5a3e9a8ceda6 https://dl-cdn.alpinelinux.org/alpine/v3.23/main/x86_64/libxml2-2.13.9-r1.apk
9ccb8fbffbcef5e853fa4c2a57fb0ae61c2a1765a408151f4fc96956e3529732 https://dl-cdn.alpinelinux.org/alpine/v3.23/main/x86_64/libxtables-1.8.11-r1.apk
71b7526ccc7f3c1c128414b36a29cf5212a41c7f71c0b0b8c5977a5f99f4de41 https://dl-cdn.alpinelinux.org/alpine/v3.23/main/x86_64/linux-pam-1.7.1-r2.apk
a15571c183cc9fbd7469a44e64d306859af396f64bf4df9e2f75c22b2fbdde25 https://dl-cdn.alpinelinux.org/alpine/v3.23/main/x86_64/lmdb-0.9.33-r0.apk
9db3caaf1aea3b1082d5ebf85a32e02713716df31a14c39cfd6a682a26879f45 https://dl-cdn.alpinelinux.org/alpine/v3.23/main/x86_64/lua5.4-libs-5.4.8-r0.apk
85766b2ab3e9fdb975e437368af06b22278fbcb1ce935f07cca07fd6611f4c62 https://dl-cdn.alpinelinux.org/alpine/v3.23/main/x86_64/lz4-libs-1.10.0-r0.apk
c51ceb784d6b6e52e32e4eeb5b236ea5c26b163b9b001d061bc4beb23904e4fa https://dl-cdn.alpinelinux.org/alpine/v3.23/community/x86_64/masscan-1.3.2-r2.apk
51554fc6064cc7e595c9f331e6ea4ca87b62aad0d08b9bb9b441655a994a92e1 https://dl-cdn.alpinelinux.org/alpine/v3.23/main/x86_64/mpdecimal-4.0.1-r0.apk
4361c9084ae95e3987cee87fed35bbaca10c75907eb1900365707196d250bdc8 https://dl-cdn.alpinelinux.org/alpine/v3.23/main/x86_64/mpfr4-4.2.2-r0.apk
4f3c4a7bf9f51d2c91007e333b17459362ffd881b4a343e8da07b6c50c4f4a0d https://dl-cdn.alpinelinux.org/alpine/v3.23/main/x86_64/musl-1.2.5-r23.apk
c8bc65e73ca7437a988b3f9157d4491e38795346aee11bffd4afc3ce5a17caf4 https://dl-cdn.alpinelinux.org/alpine/v3.23/main/x86_64/musl-dbg-1.2.5-r23.apk
8f40ab5269488391984b3b8a0fb48e970f620603871f5d99175bf85a79909816 https://dl-cdn.alpinelinux.org/alpine/v3.23/community/x86_64/nbtscan-1.7.2-r0.apk
9392f4d87fd9446c7c35dd1a29abe8e3566174e03bd75c848028e46829403f1f https://dl-cdn.alpinelinux.org/alpine/v3.23/main/x86_64/ncurses-terminfo-base-6.5_p20251123-r0.apk
c847aebb5183d9343756b1bb840238d6b18edbecc0d74e069c461ed5bf3e3541 https://dl-cdn.alpinelinux.org/alpine/v3.23/main/x86_64/net-snmp-agent-libs-5.9.5.2-r0.apk
0de3e185fcae2e3be17cd48c758df35e590b0dec40acf97f3add6ed9bf9a7d97 https://dl-cdn.alpinelinux.org/alpine/v3.23/main/x86_64/net-snmp-libs-5.9.5.2-r0.apk
d343a129794c9d1d52de2d26daea7e9fa1d92dc34d0cf0d4888368947ea5222c https://dl-cdn.alpinelinux.org/alpine/v3.23/main/x86_64/net-snmp-tools-5.9.5.2-r0.apk
3fb159ab1ad9688f76519b913e93de8c73a00784a9a21d7c75e633c6854f67bd https://dl-cdn.alpinelinux.org/alpine/v3.23/main/x86_64/nettle-3.10.2-r0.apk
58aa531c6cbc18db1f528e506caecc55fbf3f498d0a703ae125fe4bfeebeb802 https://dl-cdn.alpinelinux.org/alpine/v3.23/main/x86_64/nfs-utils-2.6.4-r6.apk
e52a5325b8720449ed4f123a33202794361b6b164c127abdb4b3c057467e7a41 https://dl-cdn.alpinelinux.org/alpine/v3.23/main/x86_64/nghttp2-libs-1.69.0-r0.apk
9d353b8a08f7b28ad6a4c662ee2278f1ebb5291de279b5e693d059b2a3f9803b https://dl-cdn.alpinelinux.org/alpine/v3.23/main/x86_64/nmap-7.97-r0.apk
0c57c86704976679c4fee316ed2b24ae8bf5145d1c319494117a31a6d49b6d0d https://dl-cdn.alpinelinux.org/alpine/v3.23/main/x86_64/nmap-ncat-7.97-r0.apk
473d26dd8bb110c718cc4fb22cecac299984b3a409e7c018629160d1a929ae28 https://dl-cdn.alpinelinux.org/alpine/v3.23/main/x86_64/nspr-4.36-r0.apk
d4f1f0e49c05d4dd6c2e21da860a526ee3c381cfa532946d7dbdf806da4e8662 https://dl-cdn.alpinelinux.org/alpine/v3.23/main/x86_64/nss-3.123.1-r0.apk
1738ccfd121036cee7edb2f7820cd8aa61badff5bc9e85c59d930a5cfc5b662f https://dl-cdn.alpinelinux.org/alpine/v3.23/main/x86_64/oniguruma-6.9.10-r0.apk
c6628c887fdd336d4e0c67726d3a38f5f9612ad8ca475e64908a2d1ab3ef3060 https://dl-cdn.alpinelinux.org/alpine/v3.23/community/x86_64/opencl-2025.07.23-r0.apk
b24bae716a29cd606044df91b7688cc1d1bbd1963bd48050b3b964de786ef7f0 https://dl-cdn.alpinelinux.org/alpine/v3.23/main/x86_64/openldap-clients-2.6.13-r0.apk
80332be2dcd7a9a0408a1eeca8efd4b66adf8f79d1e99d7022d3be4a34433c4a https://dl-cdn.alpinelinux.org/alpine/v3.23/main/x86_64/openssl-3.5.9-r0.apk
d757635fc2aab4a29abf16e770f1165b70abf65cca9a1175f67957917100712b https://dl-cdn.alpinelinux.org/alpine/v3.23/main/x86_64/p11-kit-0.26.2-r0.apk
306d832854d51318186b94834ad5a37c29bc1b9180e1fb71e86bf8b6359c6491 https://dl-cdn.alpinelinux.org/alpine/v3.23/main/x86_64/popt-1.19-r4.apk
458aaa94592cc3de96d1be29eb3c5bc7b07fb6d025077917ce04166873762795 https://dl-cdn.alpinelinux.org/alpine/v3.23/main/x86_64/protobuf-c-1.5.2-r2.apk
275813e718a0198fea425a6319ae976d513ac79b80f608b2a3bdeafe0f3822cc https://dl-cdn.alpinelinux.org/alpine/v3.23/community/x86_64/py3-asgiref-3.9.1-r0.apk
9aa03797e30d2138beaf7df6fb5263acb59646961bf8bf3bc65a880b8095aab8 https://dl-cdn.alpinelinux.org/alpine/v3.23/community/x86_64/py3-asgiref-pyc-3.9.1-r0.apk
df9a4f86389721b03f558ed1751e6a57953babb90de2164e001d47c3f89a75ab https://dl-cdn.alpinelinux.org/alpine/v3.23/community/x86_64/py3-asn1-0.6.1-r0.apk
b6d1e27b5c9c70c6d4d8dbdebb5584b9005c1b965274a8932a72e3772d7ddb81 https://dl-cdn.alpinelinux.org/alpine/v3.23/community/x86_64/py3-asn1-pyc-0.6.1-r0.apk
9bf9ce419246317ec5ede5c9cdd03027320c0c7b9c87b79a744528ea2b8cd2f1 https://dl-cdn.alpinelinux.org/alpine/v3.23/community/x86_64/py3-awscrt-0.29.1-r0.apk
529ebca64b73b12686b096d7073e21221c11f15e5c91f5e88f2c87704925c72f https://dl-cdn.alpinelinux.org/alpine/v3.23/community/x86_64/py3-awscrt-pyc-0.29.1-r0.apk
f7c7a0e434d02c9e143c50bbf8240a8f55a1e617adcf7c7616956b2c2729bb79 https://dl-cdn.alpinelinux.org/alpine/v3.23/community/x86_64/py3-blinker-1.9.0-r0.apk
f6d00e17ce4882622b32e4a7c6e06e838c4eed7b1810dca648d8616823be5a3f https://dl-cdn.alpinelinux.org/alpine/v3.23/community/x86_64/py3-blinker-pyc-1.9.0-r0.apk
611ea5edacfea345f3044154ad56e3c9a597b75fb28fc38ba2687594f4a7392f https://dl-cdn.alpinelinux.org/alpine/v3.23/main/x86_64/py3-certifi-2025.11.12-r0.apk
49115df2c63b321447b173dc07ea7c561ef18cadfd7fadc355e7d00c290b6194 https://dl-cdn.alpinelinux.org/alpine/v3.23/main/x86_64/py3-certifi-pyc-2025.11.12-r0.apk
18506e248d4ba5f4688648bb1e2930d29e5d2bdd2e899f625efcf81e02606c92 https://dl-cdn.alpinelinux.org/alpine/v3.23/main/x86_64/py3-cffi-1.17.1-r1.apk
de3d93c40fadb5e988b93f33ac762541c3440a90015a4c67cb2000a528883033 https://dl-cdn.alpinelinux.org/alpine/v3.23/main/x86_64/py3-cffi-pyc-1.17.1-r1.apk
56fc11a23ede226367777413103c057a30a17afe144c3101ac2eb36a78854fe6 https://dl-cdn.alpinelinux.org/alpine/v3.23/main/x86_64/py3-chardet-5.2.0-r1.apk
d9fb2b83956c8fec92491f65d2faf19260034cdb0091f5ba0b436deb44948803 https://dl-cdn.alpinelinux.org/alpine/v3.23/main/x86_64/py3-chardet-pyc-5.2.0-r1.apk
e19847fcf03c94e549f39bbd463204be507203b1f321ec3c818d17dd0e01ebe7 https://dl-cdn.alpinelinux.org/alpine/v3.23/community/x86_64/py3-click-8.1.8-r1.apk
393b00147e31d7c18affe0b272bc79b573f2b460e58e1b113aff42f92da44fb8 https://dl-cdn.alpinelinux.org/alpine/v3.23/community/x86_64/py3-click-pyc-8.1.8-r1.apk
27ecb92b1390556d636766ab23ad916d12644632ae866d8eb46d3defff7aec27 https://dl-cdn.alpinelinux.org/alpine/v3.23/community/x86_64/py3-colorama-0.4.6-r6.apk
96190d0c746b5ed6454229bfe714a799cbe0cdbeca7dc22b6e1bcdba5594f0f4 https://dl-cdn.alpinelinux.org/alpine/v3.23/community/x86_64/py3-colorama-pyc-0.4.6-r6.apk
08c0e7d92798348162e4246a53c9c69c860cba1de5e59475e1ac55f552087434 https://dl-cdn.alpinelinux.org/alpine/v3.23/main/x86_64/py3-cparser-2.22-r1.apk
9d9d5855b3030bf4d97549e657f83bd6937e8345f652eefe478782a9165e6f9d https://dl-cdn.alpinelinux.org/alpine/v3.23/main/x86_64/py3-cparser-pyc-2.22-r1.apk
e86e6d3ea7c08a63a74f3d8660d741fc33a6479bcdb20aad469e05d254090ad5 https://dl-cdn.alpinelinux.org/alpine/v3.23/main/x86_64/py3-cryptography-46.0.7-r0.apk
7a570661a7c4e39e4b13921f177ae89d50aaaca3b5fefa3155275b3f3cdf30d5 https://dl-cdn.alpinelinux.org/alpine/v3.23/main/x86_64/py3-cryptography-pyc-46.0.7-r0.apk
7f9ed215ed0ec8da2e384a63011268f850ee51c3f78e2527093d556eafd03412 https://dl-cdn.alpinelinux.org/alpine/v3.23/main/x86_64/py3-dateutil-2.9.0-r2.apk
000fff9857010dd94dda9508d41c0333ef1003458f50b38e3f6bbc5512eaf73d https://dl-cdn.alpinelinux.org/alpine/v3.23/main/x86_64/py3-dateutil-pyc-2.9.0-r2.apk
a8fcaab086a9d280bcb9d62025fda596b49941a37f4b3c9d354d14b8da6a07a3 https://dl-cdn.alpinelinux.org/alpine/v3.23/community/x86_64/py3-distro-1.9.0-r2.apk
515c69480c643340940cb1b185411f9c1df0bbc8ad5c7dbd8fe484079ea7a8b3 https://dl-cdn.alpinelinux.org/alpine/v3.23/community/x86_64/py3-distro-pyc-1.9.0-r2.apk
88c34fc8869be4b5da4293a85f5701302fa266b3465f9f0e0e0bcd7aa3a1ec58 https://dl-cdn.alpinelinux.org/alpine/v3.23/main/x86_64/py3-docutils-0.21.2-r1.apk
b5e4f43444a50168de8ac5f6526b1e6cd9f25611ecf4842ae2d11827a54a0857 https://dl-cdn.alpinelinux.org/alpine/v3.23/main/x86_64/py3-docutils-pyc-0.21.2-r1.apk
406a304a48ee72a7140128da2ff5c28f2951d251ae152f3b8a267c4d0465087d https://dl-cdn.alpinelinux.org/alpine/v3.23/community/x86_64/py3-dotenv-1.0.1-r1.apk
2e05188973b31fe117b6700dc5544be7da3bdaa2088d798b6a4d54d4d057f7f8 https://dl-cdn.alpinelinux.org/alpine/v3.23/community/x86_64/py3-dotenv-pyc-1.0.1-r1.apk
ae583dec3f81bbddacbdd404fa959d29c69fe10d497e899103a049c2879f463c https://dl-cdn.alpinelinux.org/alpine/v3.23/community/x86_64/py3-flask-3.1.3-r0.apk
2dedba208492ff92844aa1ab44710222cf90f4021c2662172bcf1c1d42f99122 https://dl-cdn.alpinelinux.org/alpine/v3.23/community/x86_64/py3-flask-pyc-3.1.3-r0.apk
67293676a9c50bddeaf5d7622fef8d4cc6ae539d966e17faf8fad94f8b73fbfd https://dl-cdn.alpinelinux.org/alpine/v3.23/main/x86_64/py3-future-1.0.0-r1.apk
b79ee463b25bb28ca0446523982f5d4b98cecc013715d77c8bb8743ff3c7cc58 https://dl-cdn.alpinelinux.org/alpine/v3.23/main/x86_64/py3-future-pyc-1.0.0-r1.apk
f6bec8e3e41035fadd32845962c9533f680cc7cb34ac5e92e20366d4ed9664a3 https://dl-cdn.alpinelinux.org/alpine/v3.23/community/x86_64/py3-impacket-0.13.0-r0.apk
9b22dfbad9ac7148fef1815474403ea4c95e6e35df083cb774adc06f659c865a https://dl-cdn.alpinelinux.org/alpine/v3.23/community/x86_64/py3-impacket-pyc-0.13.0-r0.apk
9efb3450d83818c7aea7f41dc6897d9babe8bc2afcac183d89f1bf58c1960606 https://dl-cdn.alpinelinux.org/alpine/v3.23/community/x86_64/py3-itsdangerous-2.2.0-r0.apk
ef627154fe25bf05f04aa03d982b7c5bbdb8c91ca2d503507e3141e217c70bdf https://dl-cdn.alpinelinux.org/alpine/v3.23/community/x86_64/py3-itsdangerous-pyc-2.2.0-r0.apk
f68bd5dcdfe7ca1a0e438ca081fc0831e3d6511f79d0a14e36046aa74d6007ab https://dl-cdn.alpinelinux.org/alpine/v3.23/main/x86_64/py3-jinja2-3.1.6-r0.apk
5e589753767c65c1eb0b178886b6bf71e0c09fe60672e81ae9cbded5d439f70d https://dl-cdn.alpinelinux.org/alpine/v3.23/main/x86_64/py3-jinja2-pyc-3.1.6-r0.apk
a35e6bfbc9c5089cd61efaefcda971eb90667b1d32ed7cfc1a28c5a4c532fdd4 https://dl-cdn.alpinelinux.org/alpine/v3.23/community/x86_64/py3-jmespath-1.0.1-r4.apk
f99c082a13fdc1871e20ab34f0260704e5fdd522510c693bae8d6a9e05593f4c https://dl-cdn.alpinelinux.org/alpine/v3.23/community/x86_64/py3-jmespath-pyc-1.0.1-r4.apk
e388d518f9911198081dddb99444285b7d1dd1e4dfb1b87db6301221ff7712b3 https://dl-cdn.alpinelinux.org/alpine/v3.23/community/x86_64/py3-ldap3-2.9.1-r3.apk
646c02ea78159f8c48ffaf9af1d928a53dedf0dac1ecd23dfbbd077eba517ff8 https://dl-cdn.alpinelinux.org/alpine/v3.23/community/x86_64/py3-ldap3-pyc-2.9.1-r3.apk
fe30fbeaec234b5c9435a41642ae57c3542f7bca34409167769e6de67aef08bc https://dl-cdn.alpinelinux.org/alpine/v3.23/main/x86_64/py3-markupsafe-3.0.2-r0.apk
28a9bb18aab5d3879a1da6b1b1fd6100c3c900fa7f71bddd224b0e76a10f744a https://dl-cdn.alpinelinux.org/alpine/v3.23/main/x86_64/py3-markupsafe-pyc-3.0.2-r0.apk
f16ab87a02cb47722468e186755538836a9ac19e0f025d55502f8cfa8da19156 https://dl-cdn.alpinelinux.org/alpine/v3.23/community/x86_64/py3-openssl-26.1.0-r0.apk
24f8baf9017da077de422049388780e1f203cedd434d1468bab7f9af9468c679 https://dl-cdn.alpinelinux.org/alpine/v3.23/community/x86_64/py3-openssl-pyc-26.1.0-r0.apk
93b60f5f74ec89d75afabc2fa8ab813f4c6e72f15b57a258cb5fc56af4c5fd68 https://dl-cdn.alpinelinux.org/alpine/v3.23/community/x86_64/py3-prompt_toolkit-3.0.51-r0.apk
3309be0b1ddec1cf2c01ae168ddbbf05b3c8fd4e40df6eb3f3caa5c74484d349 https://dl-cdn.alpinelinux.org/alpine/v3.23/community/x86_64/py3-prompt_toolkit-pyc-3.0.51-r0.apk
e9c8de5b1281b0850bc17e9846d753563fb7c8f809192b8bfc5b1ed470b9b5ac https://dl-cdn.alpinelinux.org/alpine/v3.23/community/x86_64/py3-pycryptodomex-3.23.0-r0.apk
21b5ff7a9d9f14978abdc8eb82728eff70b7fb4625cfd046455d9d9b62d35902 https://dl-cdn.alpinelinux.org/alpine/v3.23/community/x86_64/py3-ruamel.yaml-0.18.16-r0.apk
0f33ae7c9c634a919c6039d31040420ece118b85fa02d1b72f3223edd3dbcac8 https://dl-cdn.alpinelinux.org/alpine/v3.23/community/x86_64/py3-ruamel.yaml-pyc-0.18.16-r0.apk
8ba8c419196ad9d7e850ee274b75cd14c82cbf7f58e858b01e661c037842f49e https://dl-cdn.alpinelinux.org/alpine/v3.23/community/x86_64/py3-ruamel.yaml.clib-0.2.8-r2.apk
b1ce8b9c76cd619c63670dcbe47ab5189b2272f3bf5cb3bf70f5ee08361974a8 https://dl-cdn.alpinelinux.org/alpine/v3.23/main/x86_64/py3-six-1.17.0-r0.apk
da9f89243396a83286e15c3a621ea1ad382f49680421c1134aec9944218dd592 https://dl-cdn.alpinelinux.org/alpine/v3.23/main/x86_64/py3-six-pyc-1.17.0-r0.apk
577c4f39bb106a48a6f7753ff7fa1d28bd4c4ed6ffd302b588af2d42379ed35b https://dl-cdn.alpinelinux.org/alpine/v3.23/main/x86_64/py3-typing-extensions-4.15.0-r0.apk
54c09696a4b03c343b3b87884f10b90d17eede0f5a8a0b97bde4f58b1f644038 https://dl-cdn.alpinelinux.org/alpine/v3.23/main/x86_64/py3-typing-extensions-pyc-4.15.0-r0.apk
6fb95bbda7f0f049588befb5dd2c67b1063a87d26fa1bc61135b636fd152f30c https://dl-cdn.alpinelinux.org/alpine/v3.23/main/x86_64/py3-urllib3-2.6.3-r0.apk
37084901016b0fd8d0c6e8b8af0a5cbf57d3fae68d49411604a72061d9c3d0c6 https://dl-cdn.alpinelinux.org/alpine/v3.23/main/x86_64/py3-urllib3-pyc-2.6.3-r0.apk
dadca0761f2d5c9f7499df2dd23c5108f46051bfd119963bc8a903d35b532ae4 https://dl-cdn.alpinelinux.org/alpine/v3.23/main/x86_64/py3-wcwidth-0.2.13-r1.apk
47253fe0641821adec1897b99caccf1d7c50436951fb2760a57210dcc16c2595 https://dl-cdn.alpinelinux.org/alpine/v3.23/main/x86_64/py3-wcwidth-pyc-0.2.13-r1.apk
b82fda5db1b9243d2b4481b8079a4f115ea9be0d7dc9e03500522717f1c12901 https://dl-cdn.alpinelinux.org/alpine/v3.23/main/x86_64/py3-werkzeug-3.1.3-r0.apk
23ae43410bdbce8c0e26b0573838aecb4f1e569a678c3f7aee301df94cd00ecd https://dl-cdn.alpinelinux.org/alpine/v3.23/main/x86_64/py3-werkzeug-pyc-3.1.3-r0.apk
810780b666f8dc96f8edbce662df297470281bb80dfd723b3e91556dfa8ef0d3 https://dl-cdn.alpinelinux.org/alpine/v3.23/community/x86_64/py3-zipp-3.23.0-r0.apk
fca3d2d13a7e8ccdd309ada7125271c5a041685ae11fbe15bc4398b6b97908e0 https://dl-cdn.alpinelinux.org/alpine/v3.23/community/x86_64/py3-zipp-pyc-3.23.0-r0.apk
76a0004553e020d26aa0311d0540ef7a7ff28640febb7bd2c9ca6f897ee9bae2 https://dl-cdn.alpinelinux.org/alpine/v3.23/main/x86_64/pyc-3.12.15-r0.apk
29694494393f3cd4b19297504baafdea612d9b8144bf9bb8fbac0c15dd5e7baf https://dl-cdn.alpinelinux.org/alpine/v3.23/main/x86_64/python3-3.12.15-r0.apk
f967a8a607319cfe050e6c4985e9850ced00659b39d46a48fe02c75292150c68 https://dl-cdn.alpinelinux.org/alpine/v3.23/main/x86_64/python3-pyc-3.12.15-r0.apk
bd7f9461fe2f44891e64994f2c02de134bfe79fec0df7ba836959a64a162a09b https://dl-cdn.alpinelinux.org/alpine/v3.23/main/x86_64/python3-pycache-pyc0-3.12.15-r0.apk
6d29b98eafff4aebaed4e61fca8329fbf7b26489a29fefc1d4462610d687303b https://dl-cdn.alpinelinux.org/alpine/v3.23/main/x86_64/readline-8.3.1-r0.apk
86ec7eeda779abe15731ce014a98b20ab352cdfd99c45f7ed194ad132dac3c54 https://dl-cdn.alpinelinux.org/alpine/v3.23/main/x86_64/rpcbind-1.2.8-r0.apk
784239ec47c8f86baa1b51379a24f306ca32e2a17d2c89f6dd13a5fc9dceff1e https://dl-cdn.alpinelinux.org/alpine/v3.23/community/x86_64/s2n-tls-1.6.1-r0.apk
9d1d9417d503f2595b7ed68c87cc515866b563be60af664cacfe523ab02715a0 https://dl-cdn.alpinelinux.org/alpine/v3.23/main/x86_64/samba-client-4.22.10-r0.apk
a8738661f87c1ebf8c2226abe81988e9292e3df035fb19da7e673b5e0dcdd336 https://dl-cdn.alpinelinux.org/alpine/v3.23/main/x86_64/samba-client-libs-4.22.10-r0.apk
f6b4970d7c39ccb411c0c14b3675097d0ca4ba2f14b0988421696e25835c8f59 https://dl-cdn.alpinelinux.org/alpine/v3.23/main/x86_64/samba-common-4.22.10-r0.apk
2d2e1fa41571998859f6220be77df27d0f320acb6e2c8678bb34d5187c26586f https://dl-cdn.alpinelinux.org/alpine/v3.23/main/x86_64/samba-libs-4.22.10-r0.apk
a76c2adcfb3e1d6eb854dd39f28f0b204118a35c34a4aacd3473e99099a20959 https://dl-cdn.alpinelinux.org/alpine/v3.23/main/x86_64/samba-util-libs-4.22.10-r0.apk
1f502dd6a2a69609fbecde4bbf1684cfc8aac0130275a9746fcd907f209ec4d7 https://dl-cdn.alpinelinux.org/alpine/v3.23/main/x86_64/skalibs-libs-2.14.4.0-r0.apk
13ddf9de2e58cbb3ffa5454160f7b98d7f92a6571feffa644566437f5a17fe59 https://dl-cdn.alpinelinux.org/alpine/v3.23/main/x86_64/socat-1.8.1.3-r0.apk
414be12c879052f4614a42a10fc12af67a88ba49e8e1e33f78cd9ddbbdb13fee https://dl-cdn.alpinelinux.org/alpine/v3.23/main/x86_64/sqlite-libs-3.53.4-r0.apk
50a3c346ad8b095c901dc6ccd12ecce9f7031a740f451b31fbea7ee401eca382 https://dl-cdn.alpinelinux.org/alpine/v3.23/main/x86_64/ssl_client-1.37.0-r30.apk
8844238644b68c3e4ce990515c472024e84621d0b3251283d9554be9ea2071cc https://dl-cdn.alpinelinux.org/alpine/v3.23/community/x86_64/sslscan-2.2.0-r0.apk
268a9c123216d7ab8e7e75670ad3361c94704415475a988250f030b0bee1be63 https://dl-cdn.alpinelinux.org/alpine/v3.23/main/x86_64/talloc-2.4.3-r0.apk
be6fc1bc8fa8811f571c9df1df20ad70fa44057640caa7d85270ed7fc9916769 https://dl-cdn.alpinelinux.org/alpine/v3.23/main/x86_64/tcpdump-4.99.5-r1.apk
1cfa65ced65857b09c5459a531a475a1806452e50238a75ffefb69bc67c53709 https://dl-cdn.alpinelinux.org/alpine/v3.23/main/x86_64/tdb-libs-1.4.14-r0.apk
671c868cde16eec0d10a524855521678a99f4a164217942c8cc5983aaa0b1415 https://dl-cdn.alpinelinux.org/alpine/v3.23/main/x86_64/tevent-0.17.1-r0.apk
bd1ac8fea6b998a692b5c44e296764dc582e41a4402479ad3c80900401fbc94b https://dl-cdn.alpinelinux.org/alpine/v3.23/main/x86_64/userspace-rcu-0.15.3-r0.apk
8fd3aaf2c4cafd744c844eeabaea52d6dbd2b801d568eaadf4392611f48aa65e https://dl-cdn.alpinelinux.org/alpine/v3.23/main/x86_64/utmps-libs-0.1.3.1-r0.apk
3c8cc415e88c2a097543d9ee828081ec1905e7d0f57a319c8896269b0e00a672 https://dl-cdn.alpinelinux.org/alpine/v3.23/main/x86_64/xz-libs-5.8.4-r0.apk
f56dea63692059bd65854bb179b7551971a441000b0d98c5b031291ca0450b56 https://dl-cdn.alpinelinux.org/alpine/v3.23/main/x86_64/zlib-1.3.2-r0.apk
d5fcc58f7f071a5658d97b09838668e4443203217631992915b8e60656904104 https://dl-cdn.alpinelinux.org/alpine/v3.23/main/x86_64/zstd-libs-1.5.7-r2.apk
