c52a2b6997567830d573160c2c0cad665473320f08862133aaf4c1e96864fc48 https://dl-cdn.alpinelinux.org/alpine/v3.23/main/x86_64/bash-5.3.3-r1.apk
87d9603c796041567033d953b0d1b3c1ee3bf4f89d2fd6fbd39c93726f57ec29 https://dl-cdn.alpinelinux.org/alpine/v3.23/main/x86_64/bind-libs-9.20.29-r0.apk
08a6edad202743766d6badf7a55f647707e93552c892e5b40f6203195542f35a https://dl-cdn.alpinelinux.org/alpine/v3.23/main/x86_64/bind-tools-9.20.29-r0.apk
aa14316996719d126cd1c3edee159a7f477c788ed0c1e6228ddb4df9cdc391dc https://dl-cdn.alpinelinux.org/alpine/v3.23/main/x86_64/binutils-2.45.1-r0.apk
09fbf1ddf0c71c6c4ab7bc12aef3452d8ace5adeab10c4c30214fc70f5e0e087 https://dl-cdn.alpinelinux.org/alpine/v3.23/main/x86_64/brotli-libs-1.2.0-r0.apk
2fea8c73710994099eaec6832b69a0f70163e0d6ee13848af3a5270a16d15c5c https://dl-cdn.alpinelinux.org/alpine/v3.23/main/x86_64/busybox-1.37.0-r30.apk
94f10cf3bb79f033d5ac86675312229e28a8a858fa7bfb5268675951b99466e7 https://dl-cdn.alpinelinux.org/alpine/v3.23/main/x86_64/busybox-binsh-1.37.0-r30.apk
7a570d080d05e60b1256ea73586924bf9a25f468c57aae10d1cdfe7fcc3f93a2 https://dl-cdn.alpinelinux.org/alpine/v3.23/main/x86_64/c-ares-1.34.8-r0.apk
31cad7c94ffa88b271c95c91c49af158bd7f31ac85508508ce8b742250e0363c https://dl-cdn.alpinelinux.org/alpine/v3.23/main/x86_64/ca-certificates-bundle-20260909-r0.apk
78829ae535239009c2dd615d0d2f58ecc0abd07855e38c1eea389fc68993f5b1 https://dl-cdn.alpinelinux.org/alpine/v3.23/main/x86_64/curl-8.22.0-r0.apk
634b19688837316f83b440c0f3ba6f35c90c308cdb9163fb8acd7e8b41b154d1 https://dl-cdn.alpinelinux.org/alpine/v3.23/main/x86_64/file-5.46-r2.apk
370ff152d994fd5024619327f73a8249390e5143aa237b9af904759570047a35 https://dl-cdn.alpinelinux.org/alpine/v3.23/main/x86_64/fstrm-0.6.1-r4.apk
1a99c3ca2fbd96030a93325d50d04390e353f12584999276bdd3abcc6ab997da https://dl-cdn.alpinelinux.org/alpine/v3.23/main/x86_64/gdbm-1.26-r0.apk
f836e153ac87b34066d7c633ddda885820720baa6ffa3a05858a790a184d87ec https://dl-cdn.alpinelinux.org/alpine/v3.23/main/x86_64/iptables-1.8.11-r1.apk
6dc100ea8b420ed1adabe13553325620afd9fbcae9b62de5b63c9bae0b7c2e91 https://dl-cdn.alpinelinux.org/alpine/v3.23/main/x86_64/jansson-2.14.1-r0.apk
b82b644f1a77d9d2699a8e17eccf779184e8db9075dd09f59a060731306c9a81 https://dl-cdn.alpinelinux.org/alpine/v3.23/main/x86_64/json-c-0.18-r1.apk
98f8ea3082b81088b784cd3b143fc9509b9280a7bdae39b8333c77443873ec88 https://dl-cdn.alpinelinux.org/alpine/v3.23/main/x86_64/keyutils-libs-1.6.3-r4.apk
bd6fe65b55d2b6139b378e9120930672b3686e808a59f61e0db539ac0258be26 https://dl-cdn.alpinelinux.org/alpine/v3.23/main/x86_64/krb5-conf-1.0-r2.apk
ce010cbfc266d607f48066c48f32c70771bb2d567da62d117737abf0adc41493 https://dl-cdn.alpinelinux.org/alpine/v3.23/main/x86_64/krb5-libs-1.22.1-r0.apk
9995840a76ac97ec006259391b7a81b73b73c5cf2f462bf12bb2250afbf665b9 https://dl-cdn.alpinelinux.org/alpine/v3.23/main/x86_64/libbz2-1.0.8-r6.apk
01986efd62ae92d5fa60b7c017082224d33571c64c76a4ef537542eb1cc3723c https://dl-cdn.alpinelinux.org/alpine/v3.23/main/x86_64/libcap-getcap-2.78-r0.apk
178ca0cfa7e9d3ff574128ed2b87435937d57c1f0a6df08c65f9f6798317a582 https://dl-cdn.alpinelinux.org/alpine/v3.23/main/x86_64/libcap-setcap-2.78-r0.apk
32a5c60e2d0881b85edd4d6e0f0a10426ddba330d07658f64ac321b3814e7c7c https://dl-cdn.alpinelinux.org/alpine/v3.23/main/x86_64/libcap-utils-2.78-r0.apk
d81631e1a710f3851246516e37aeeaa875b3c921a130c1210e3643a7e24e3b2d https://dl-cdn.alpinelinux.org/alpine/v3.23/main/x86_64/libcap2-2.78-r0.apk
74f16d0f39b2568062ea46d0d05dbac696d8d50c007f320448d4d6e9831cb316 https://dl-cdn.alpinelinux.org/alpine/v3.23/main/x86_64/libcom_err-1.47.3-r0.apk
9c82c86f051f3372445ecdbae5068ccc39dbc423ba8f779eaa84549fef1cfc77 https://dl-cdn.alpinelinux.org/alpine/v3.23/main/x86_64/libcrypto3-3.5.9-r0.apk
f4070c2bce6aeb660a96f767f5a0eb6876d6c8421b51334d24678e0039720507 https://dl-cdn.alpinelinux.org/alpine/v3.23/main/x86_64/libcurl-8.22.0-r0.apk
5216046085b92da88a6b107dbbb558f69d49c347a6335291fcf199ebd1670a8f https://dl-cdn.alpinelinux.org/alpine/v3.23/main/x86_64/libexpat-2.8.5-r0.apk
0b3473a1468bed5fbb913a1ffa121e253080b21b013fe47e0300bd7e85224e76 https://dl-cdn.alpinelinux.org/alpine/v3.23/main/x86_64/libffi-3.5.2-r0.apk
4279d14cbf43311312d3a7d43619f4c15ede2e46d5608ba421ed157ded57c700 https://dl-cdn.alpinelinux.org/alpine/v3.23/main/x86_64/libgcc-15.2.0-r2.apk
526275e11e449b99e5264e0ba32625fa12a78c426de61378f8b5cc0af5fc7014 https://dl-cdn.alpinelinux.org/alpine/v3.23/main/x86_64/libidn2-2.3.8-r0.apk
b23d3cffbba8b1d0c1aeb36d4b44bd549f69bd0ef4fd37422c7dc165954902e0 https://dl-cdn.alpinelinux.org/alpine/v3.23/main/x86_64/libmagic-5.46-r2.apk
48474dde0d30a3c2e6de3f1e17b4b2eeb3f165f4655c2a4db394cdc500e90d44 https://dl-cdn.alpinelinux.org/alpine/v3.23/main/x86_64/libmnl-1.0.5-r2.apk
233f20a6d64d87afbc4b03ad3e7508f5d56af747508c395ba7a6c5f1033b15f0 https://dl-cdn.alpinelinux.org/alpine/v3.23/main/x86_64/libncursesw-6.5_p20251123-r0.apk
42ae75adfaa6eb770375af159a06aad9e3ff656c48429eab360cda9988027f78 https://dl-cdn.alpinelinux.org/alpine/v3.23/main/x86_64/libnftnl-1.3.0-r0.apk
43b7346857c51ef2426fc4953177d4fa0ef4703d412215744fcd4bc96e6facfd https://dl-cdn.alpinelinux.org/alpine/v3.23/main/x86_64/libpanelw-6.5_p20251123-r0.apk
1d17fa66cb4e34c0f55ac97d1c42a793f931f79dd5a2f57187ef59caa14d5fb1 https://dl-cdn.alpinelinux.org/alpine/v3.23/main/x86_64/libpcap-1.10.7-r0.apk
86ada309d460ea8768b340cbf83c7234a1564f8fea9c370fb19f028a2a165891 https://dl-cdn.alpinelinux.org/alpine/v3.23/main/x86_64/libpsl-0.21.5-r3.apk
0cdeaa42504a8e6e9cbb4bb69799def04456819fbc02d2dfe53b2e2dfcf9c2ae https://dl-cdn.alpinelinux.org/alpine/v3.23/main/x86_64/libssh2-1.11.1-r3.apk
b5ad11f5955b3b7ddfd8c32e8c1fdd79878d208bb4dfa9bbd8f35ddc59187242 https://dl-cdn.alpinelinux.org/alpine/v3.23/main/x86_64/libssl3-3.5.9-r0.apk
d4be2967a06d78b499f5e136323f4ebe51ad367b381933b3369539499c4f5752 https://dl-cdn.alpinelinux.org/alpine/v3.23/main/x86_64/libstdc++-15.2.0-r2.apk
eca5eb66c8ac64cca7160fb766b15e885f75d18c15d0919d0adee987a53b9473 https://dl-cdn.alpinelinux.org/alpine/v3.23/main/x86_64/libunistring-1.4.1-r0.apk
7b6e033cb708c9323135ac444bb66ea6ff3fa0bd90fe4dc8d47b6d971d0ff1d2 https://dl-cdn.alpinelinux.org/alpine/v3.23/main/x86_64/libuv-1.52.1-r0.apk
b577b4ed32d7f8cfd1d218c655e71253e07e51f0a1e24afaf7907e4bbab1cd7c https://dl-cdn.alpinelinux.org/alpine/v3.23/main/x86_64/libverto-0.3.2-r2.apk
1af363248efb54914993bbd516c89878c2b5b0c53be0c78bb43d5a3e9a8ceda6 https://dl-cdn.alpinelinux.org/alpine/v3.23/main/x86_64/libxml2-2.13.9-r1.apk
9ccb8fbffbcef5e853fa4c2a57fb0ae61c2a1765a408151f4fc96956e3529732 https://dl-cdn.alpinelinux.org/alpine/v3.23/main/x86_64/libxtables-1.8.11-r1.apk
9db3caaf1aea3b1082d5ebf85a32e02713716df31a14c39cfd6a682a26879f45 https://dl-cdn.alpinelinux.org/alpine/v3.23/main/x86_64/lua5.4-libs-5.4.8-r0.apk
51554fc6064cc7e595c9f331e6ea4ca87b62aad0d08b9bb9b441655a994a92e1 https://dl-cdn.alpinelinux.org/alpine/v3.23/main/x86_64/mpdecimal-4.0.1-r0.apk
4f3c4a7bf9f51d2c91007e333b17459362ffd881b4a343e8da07b6c50c4f4a0d https://dl-cdn.alpinelinux.org/alpine/v3.23/main/x86_64/musl-1.2.5-r23.apk
9392f4d87fd9446c7c35dd1a29abe8e3566174e03bd75c848028e46829403f1f https://dl-cdn.alpinelinux.org/alpine/v3.23/main/x86_64/ncurses-terminfo-base-6.5_p20251123-r0.apk
e52a5325b8720449ed4f123a33202794361b6b164c127abdb4b3c057467e7a41 https://dl-cdn.alpinelinux.org/alpine/v3.23/main/x86_64/nghttp2-libs-1.69.0-r0.apk
9d353b8a08f7b28ad6a4c662ee2278f1ebb5291de279b5e693d059b2a3f9803b https://dl-cdn.alpinelinux.org/alpine/v3.23/main/x86_64/nmap-7.97-r0.apk
80332be2dcd7a9a0408a1eeca8efd4b66adf8f79d1e99d7022d3be4a34433c4a https://dl-cdn.alpinelinux.org/alpine/v3.23/main/x86_64/openssl-3.5.9-r0.apk
458aaa94592cc3de96d1be29eb3c5bc7b07fb6d025077917ce04166873762795 https://dl-cdn.alpinelinux.org/alpine/v3.23/main/x86_64/protobuf-c-1.5.2-r2.apk
76a0004553e020d26aa0311d0540ef7a7ff28640febb7bd2c9ca6f897ee9bae2 https://dl-cdn.alpinelinux.org/alpine/v3.23/main/x86_64/pyc-3.12.15-r0.apk
29694494393f3cd4b19297504baafdea612d9b8144bf9bb8fbac0c15dd5e7baf https://dl-cdn.alpinelinux.org/alpine/v3.23/main/x86_64/python3-3.12.15-r0.apk
f967a8a607319cfe050e6c4985e9850ced00659b39d46a48fe02c75292150c68 https://dl-cdn.alpinelinux.org/alpine/v3.23/main/x86_64/python3-pyc-3.12.15-r0.apk
bd7f9461fe2f44891e64994f2c02de134bfe79fec0df7ba836959a64a162a09b https://dl-cdn.alpinelinux.org/alpine/v3.23/main/x86_64/python3-pycache-pyc0-3.12.15-r0.apk
6d29b98eafff4aebaed4e61fca8329fbf7b26489a29fefc1d4462610d687303b https://dl-cdn.alpinelinux.org/alpine/v3.23/main/x86_64/readline-8.3.1-r0.apk
414be12c879052f4614a42a10fc12af67a88ba49e8e1e33f78cd9ddbbdb13fee https://dl-cdn.alpinelinux.org/alpine/v3.23/main/x86_64/sqlite-libs-3.53.4-r0.apk
50a3c346ad8b095c901dc6ccd12ecce9f7031a740f451b31fbea7ee401eca382 https://dl-cdn.alpinelinux.org/alpine/v3.23/main/x86_64/ssl_client-1.37.0-r30.apk
bd1ac8fea6b998a692b5c44e296764dc582e41a4402479ad3c80900401fbc94b https://dl-cdn.alpinelinux.org/alpine/v3.23/main/x86_64/userspace-rcu-0.15.3-r0.apk
3c8cc415e88c2a097543d9ee828081ec1905e7d0f57a319c8896269b0e00a672 https://dl-cdn.alpinelinux.org/alpine/v3.23/main/x86_64/xz-libs-5.8.4-r0.apk
f56dea63692059bd65854bb179b7551971a441000b0d98c5b031291ca0450b56 https://dl-cdn.alpinelinux.org/alpine/v3.23/main/x86_64/zlib-1.3.2-r0.apk
d5fcc58f7f071a5658d97b09838668e4443203217631992915b8e60656904104 https://dl-cdn.alpinelinux.org/alpine/v3.23/main/x86_64/zstd-libs-1.5.7-r2.apk
